// !$*UTF8*$!
{
	archiveVersion = 1;
	classes = {
	};
	objectVersion = 46;
	objects = {

/* Begin PBXBuildFile section */
		6C8D83B052DDFA07850A16AD /* libPods-FirstTeamBilibili.a in Frameworks */ = {isa = PBXBuildFile; fileRef = 495280B88A574CAC80335ADE /* libPods-FirstTeamBilibili.a */; };
		890D26231DF00BC9004B3A0E /* main.m in Sources */ = {isa = PBXBuildFile; fileRef = 890D26221DF00BC9004B3A0E /* main.m */; };
		890D26261DF00BC9004B3A0E /* AppDelegate.m in Sources */ = {isa = PBXBuildFile; fileRef = 890D26251DF00BC9004B3A0E /* AppDelegate.m */; };
		890D26291DF00BC9004B3A0E /* ViewController.m in Sources */ = {isa = PBXBuildFile; fileRef = 890D26281DF00BC9004B3A0E /* ViewController.m */; };
		890D262C1DF00BC9004B3A0E /* Main.storyboard in Resources */ = {isa = PBXBuildFile; fileRef = 890D262A1DF00BC9004B3A0E /* Main.storyboard */; };
		890D26311DF00BC9004B3A0E /* LaunchScreen.storyboard in Resources */ = {isa = PBXBuildFile; fileRef = 890D262F1DF00BC9004B3A0E /* LaunchScreen.storyboard */; };
		890D263C1DF00BCA004B3A0E /* FirstTeamBilibiliTests.m in Sources */ = {isa = PBXBuildFile; fileRef = 890D263B1DF00BCA004B3A0E /* FirstTeamBilibiliTests.m */; };
		890D26471DF00BCA004B3A0E /* FirstTeamBilibiliUITests.m in Sources */ = {isa = PBXBuildFile; fileRef = 890D26461DF00BCA004B3A0E /* FirstTeamBilibiliUITests.m */; };
		890D26561DF00C25004B3A0E /* TabBarViewController.m in Sources */ = {isa = PBXBuildFile; fileRef = 890D26551DF00C25004B3A0E /* TabBarViewController.m */; };
		890D266B1DF01197004B3A0E /* HCJLiveViewController.m in Sources */ = {isa = PBXBuildFile; fileRef = 890D266A1DF01197004B3A0E /* HCJLiveViewController.m */; };
		890D266E1DF01225004B3A0E /* YJGRecommendViewController.m in Sources */ = {isa = PBXBuildFile; fileRef = 890D266D1DF01225004B3A0E /* YJGRecommendViewController.m */; };
		890D26751DF01703004B3A0E /* Assets.xcassets in Resources */ = {isa = PBXBuildFile; fileRef = 890D26741DF01703004B3A0E /* Assets.xcassets */; };
		890D267C1DF02051004B3A0E /* YXHCollectionHeaderView.m in Sources */ = {isa = PBXBuildFile; fileRef = 890D26781DF02051004B3A0E /* YXHCollectionHeaderView.m */; };
		890D267D1DF02051004B3A0E /* YXHNewBangumiCollectionViewCell.m in Sources */ = {isa = PBXBuildFile; fileRef = 890D267A1DF02051004B3A0E /* YXHNewBangumiCollectionViewCell.m */; };
		890D267E1DF02051004B3A0E /* YXHNewBangumiCollectionViewCell.xib in Resources */ = {isa = PBXBuildFile; fileRef = 890D267B1DF02051004B3A0E /* YXHNewBangumiCollectionViewCell.xib */; };
		890D26831DF02071004B3A0E /* YXHNewBangumiModel.m in Sources */ = {isa = PBXBuildFile; fileRef = 890D26801DF02071004B3A0E /* YXHNewBangumiModel.m */; };
		890D26841DF02071004B3A0E /* YXHRecommendModel.m in Sources */ = {isa = PBXBuildFile; fileRef = 890D26821DF02071004B3A0E /* YXHRecommendModel.m */; };
		890D26871DF0207E004B3A0E /* YXHBangumiCollectionViewController.m in Sources */ = {isa = PBXBuildFile; fileRef = 890D26861DF0207E004B3A0E /* YXHBangumiCollectionViewController.m */; };
		890D26981DF024E3004B3A0E /* UIImage+YXHCycle.m in Sources */ = {isa = PBXBuildFile; fileRef = 890D26931DF024E3004B3A0E /* UIImage+YXHCycle.m */; };
		890D26991DF024E3004B3A0E /* UIImageView+YXHCycle.m in Sources */ = {isa = PBXBuildFile; fileRef = 890D26951DF024E3004B3A0E /* UIImageView+YXHCycle.m */; };
		890D269A1DF024E3004B3A0E /* UIView+YXHCategory.m in Sources */ = {isa = PBXBuildFile; fileRef = 890D26971DF024E3004B3A0E /* UIView+YXHCategory.m */; };
		890D26A11DF030BE004B3A0E /* YXHRecommendCollectionViewCell.m in Sources */ = {isa = PBXBuildFile; fileRef = 890D269F1DF030BD004B3A0E /* YXHRecommendCollectionViewCell.m */; };
		890D26A21DF030BE004B3A0E /* YXHRecommendCollectionViewCell.xib in Resources */ = {isa = PBXBuildFile; fileRef = 890D26A01DF030BD004B3A0E /* YXHRecommendCollectionViewCell.xib */; };
		89174D871DF1135C0093E6EC /* home_bangumi_tableHead_week3@2x~iphone.png in Resources */ = {isa = PBXBuildFile; fileRef = 89174D791DF1135C0093E6EC /* home_bangumi_tableHead_week3@2x~iphone.png */; };
		89174D881DF1135C0093E6EC /* home_bangumi_tableHead_week3@3x~iphone.png in Resources */ = {isa = PBXBuildFile; fileRef = 89174D7A1DF1135C0093E6EC /* home_bangumi_tableHead_week3@3x~iphone.png */; };
		89174D931DF113710093E6EC /* home_bangumi_tableHead_indexIcon@3x~iphone.png in Resources */ = {isa = PBXBuildFile; fileRef = 89174D8F1DF113710093E6EC /* home_bangumi_tableHead_indexIcon@3x~iphone.png */; };
		89174D941DF113710093E6EC /* home_bangumi_tableHead_followIcon@3x~iphone.png in Resources */ = {isa = PBXBuildFile; fileRef = 89174D901DF113710093E6EC /* home_bangumi_tableHead_followIcon@3x~iphone.png */; };
		89174D951DF113710093E6EC /* home_bangumi_tableHead_followIcon@2x~iphone.png in Resources */ = {isa = PBXBuildFile; fileRef = 89174D911DF113710093E6EC /* home_bangumi_tableHead_followIcon@2x~iphone.png */; };
		89174D961DF113710093E6EC /* home_bangumi_tableHead_indexIcon@2x~iphone.png in Resources */ = {isa = PBXBuildFile; fileRef = 89174D921DF113710093E6EC /* home_bangumi_tableHead_indexIcon@2x~iphone.png */; };
		89174D991DF140230093E6EC /* AnimationButton.m in Sources */ = {isa = PBXBuildFile; fileRef = 89174D981DF140230093E6EC /* AnimationButton.m */; };
		89174DA01DF1512E0093E6EC /* YXHSectionHeaderCollectionReusableView.m in Sources */ = {isa = PBXBuildFile; fileRef = 89174D9E1DF1512E0093E6EC /* YXHSectionHeaderCollectionReusableView.m */; };
		89174DA11DF1512E0093E6EC /* YXHSectionHeaderCollectionReusableView.xib in Resources */ = {isa = PBXBuildFile; fileRef = 89174D9F1DF1512E0093E6EC /* YXHSectionHeaderCollectionReusableView.xib */; };
		89174DB01DF15BEA0093E6EC /* home_region_icon_32@2x.png in Resources */ = {isa = PBXBuildFile; fileRef = 89174DA81DF15BEA0093E6EC /* home_region_icon_32@2x.png */; };
		89174DB11DF15BEA0093E6EC /* home_region_icon_32@3x.png in Resources */ = {isa = PBXBuildFile; fileRef = 89174DA91DF15BEA0093E6EC /* home_region_icon_32@3x.png */; };
		89174DB21DF15BEA0093E6EC /* home_region_icon_33@2x.png in Resources */ = {isa = PBXBuildFile; fileRef = 89174DAA1DF15BEA0093E6EC /* home_region_icon_33@2x.png */; };
		89174DB31DF15BEA0093E6EC /* home_region_icon_33@3x.png in Resources */ = {isa = PBXBuildFile; fileRef = 89174DAB1DF15BEA0093E6EC /* home_region_icon_33@3x.png */; };
		89174DB41DF15BEA0093E6EC /* home_region_icon_152@2x.png in Resources */ = {isa = PBXBuildFile; fileRef = 89174DAC1DF15BEA0093E6EC /* home_region_icon_152@2x.png */; };
		89174DB51DF15BEA0093E6EC /* home_region_icon_152@3x.png in Resources */ = {isa = PBXBuildFile; fileRef = 89174DAD1DF15BEA0093E6EC /* home_region_icon_152@3x.png */; };
		89174DB61DF15BEA0093E6EC /* home_region_icon_153@2x.png in Resources */ = {isa = PBXBuildFile; fileRef = 89174DAE1DF15BEA0093E6EC /* home_region_icon_153@2x.png */; };
		89174DB71DF15BEA0093E6EC /* home_region_icon_153@3x.png in Resources */ = {isa = PBXBuildFile; fileRef = 89174DAF1DF15BEA0093E6EC /* home_region_icon_153@3x.png */; };
		89174DC01DF1696A0093E6EC /* bangumi_unfinished.png in Resources */ = {isa = PBXBuildFile; fileRef = 89174DB91DF1696A0093E6EC /* bangumi_unfinished.png */; };
		89174DC11DF1696A0093E6EC /* bangumi_unfinished@2x.png in Resources */ = {isa = PBXBuildFile; fileRef = 89174DBA1DF1696A0093E6EC /* bangumi_unfinished@2x.png */; };
		89174DC21DF1696A0093E6EC /* home_bangumi_tableHead_bangumiRecommend@2x~iphone.png in Resources */ = {isa = PBXBuildFile; fileRef = 89174DBB1DF1696A0093E6EC /* home_bangumi_tableHead_bangumiRecommend@2x~iphone.png */; };
		89174DC31DF1696A0093E6EC /* home_bangumi_tableHead_bangumiRecommend@3x~iphone.png in Resources */ = {isa = PBXBuildFile; fileRef = 89174DBC1DF1696A0093E6EC /* home_bangumi_tableHead_bangumiRecommend@3x~iphone.png */; };
		89174DC41DF1696A0093E6EC /* season_summer_icon.png in Resources */ = {isa = PBXBuildFile; fileRef = 89174DBD1DF1696A0093E6EC /* season_summer_icon.png */; };
		89174DC51DF1696A0093E6EC /* season_summer_icon@2x.png in Resources */ = {isa = PBXBuildFile; fileRef = 89174DBE1DF1696A0093E6EC /* season_summer_icon@2x.png */; };
		89174DC61DF1696A0093E6EC /* season_summer_icon@3x.png in Resources */ = {isa = PBXBuildFile; fileRef = 89174DBF1DF1696A0093E6EC /* season_summer_icon@3x.png */; };
		8978432C1DF568D4004DA7FA /* YXHSuperModel.m in Sources */ = {isa = PBXBuildFile; fileRef = 8978432B1DF568D4004DA7FA /* YXHSuperModel.m */; };
		897843331DF568EC004DA7FA /* common_back.png in Resources */ = {isa = PBXBuildFile; fileRef = 8978432D1DF568EC004DA7FA /* common_back.png */; };
		897843341DF568EC004DA7FA /* common_back@2x.png in Resources */ = {isa = PBXBuildFile; fileRef = 8978432E1DF568EC004DA7FA /* common_back@2x.png */; };
		897843351DF568EC004DA7FA /* common_back@3x.png in Resources */ = {isa = PBXBuildFile; fileRef = 8978432F1DF568EC004DA7FA /* common_back@3x.png */; };
		897843361DF568EC004DA7FA /* common_downArrow.png in Resources */ = {isa = PBXBuildFile; fileRef = 897843301DF568EC004DA7FA /* common_downArrow.png */; };
		897843371DF568EC004DA7FA /* common_downArrow@2x.png in Resources */ = {isa = PBXBuildFile; fileRef = 897843311DF568EC004DA7FA /* common_downArrow@2x.png */; };
		897843381DF568EC004DA7FA /* common_downArrow@3x.png in Resources */ = {isa = PBXBuildFile; fileRef = 897843321DF568EC004DA7FA /* common_downArrow@3x.png */; };
		8978433B1DF56914004DA7FA /* YXHNaviBarButton.m in Sources */ = {isa = PBXBuildFile; fileRef = 8978433A1DF56914004DA7FA /* YXHNaviBarButton.m */; };
		8978433E1DF56920004DA7FA /* YXHBangumiListViewController.m in Sources */ = {isa = PBXBuildFile; fileRef = 8978433D1DF56920004DA7FA /* YXHBangumiListViewController.m */; };
		8978434A1DF5692A004DA7FA /* YXHDomesticTableViewController.m in Sources */ = {isa = PBXBuildFile; fileRef = 897843411DF5692A004DA7FA /* YXHDomesticTableViewController.m */; };
		8978434B1DF5692A004DA7FA /* YXHFinishedTableViewController.m in Sources */ = {isa = PBXBuildFile; fileRef = 897843431DF5692A004DA7FA /* YXHFinishedTableViewController.m */; };
		8978434C1DF5692A004DA7FA /* YXHOfficialTableViewController.m in Sources */ = {isa = PBXBuildFile; fileRef = 897843451DF5692A004DA7FA /* YXHOfficialTableViewController.m */; };
		8978434D1DF5692A004DA7FA /* YXHSuperTableViewController.m in Sources */ = {isa = PBXBuildFile; fileRef = 897843471DF5692A004DA7FA /* YXHSuperTableViewController.m */; };
		8978434E1DF5692A004DA7FA /* YXHUnfinishedTableViewController.m in Sources */ = {isa = PBXBuildFile; fileRef = 897843491DF5692A004DA7FA /* YXHUnfinishedTableViewController.m */; };
		897843521DF5693A004DA7FA /* YXHSuperTableViewCell.m in Sources */ = {isa = PBXBuildFile; fileRef = 897843501DF5693A004DA7FA /* YXHSuperTableViewCell.m */; };
		897843531DF5693A004DA7FA /* YXHSuperTableViewCell.xib in Resources */ = {isa = PBXBuildFile; fileRef = 897843511DF5693A004DA7FA /* YXHSuperTableViewCell.xib */; };
		EBE153811DF54CCD00AE7094 /* HeadCollectionReusableView.m in Sources */ = {isa = PBXBuildFile; fileRef = EBE1537C1DF54CCD00AE7094 /* HeadCollectionReusableView.m */; };
		EBE153821DF54CCD00AE7094 /* HeadCollectionReusableView.xib in Resources */ = {isa = PBXBuildFile; fileRef = EBE1537D1DF54CCD00AE7094 /* HeadCollectionReusableView.xib */; };
		EBE153831DF54CCD00AE7094 /* LiveCollectionViewCell.m in Sources */ = {isa = PBXBuildFile; fileRef = EBE1537F1DF54CCD00AE7094 /* LiveCollectionViewCell.m */; };
		EBE153841DF54CCD00AE7094 /* LiveCollectionViewCell.xib in Resources */ = {isa = PBXBuildFile; fileRef = EBE153801DF54CCD00AE7094 /* LiveCollectionViewCell.xib */; };
		EBE1538A1DF54D4C00AE7094 /* Banner.m in Sources */ = {isa = PBXBuildFile; fileRef = EBE153871DF54D4C00AE7094 /* Banner.m */; };
		EBE1538B1DF54D4C00AE7094 /* LiveModel.m in Sources */ = {isa = PBXBuildFile; fileRef = EBE153891DF54D4C00AE7094 /* LiveModel.m */; };
		EBE153901DF54D7900AE7094 /* BannerViewController.m in Sources */ = {isa = PBXBuildFile; fileRef = EBE1538D1DF54D7900AE7094 /* BannerViewController.m */; };
		EBE153911DF54D7900AE7094 /* DetialLiveViewController.m in Sources */ = {isa = PBXBuildFile; fileRef = EBE1538F1DF54D7900AE7094 /* DetialLiveViewController.m */; };
		EBE1539F1DF54F3D00AE7094 /* 单机联机.png in Resources */ = {isa = PBXBuildFile; fileRef = EBE153931DF54F3D00AE7094 /* 单机联机.png */; };
		EBE153A01DF54F3D00AE7094 /* 唱见舞见.png in Resources */ = {isa = PBXBuildFile; fileRef = EBE153941DF54F3D00AE7094 /* 唱见舞见.png */; };
		EBE153A11DF54F3D00AE7094 /* 在线人数.png in Resources */ = {isa = PBXBuildFile; fileRef = EBE153951DF54F3D00AE7094 /* 在线人数.png */; };
		EBE153A21DF54F3D00AE7094 /* 御宅文化.png in Resources */ = {isa = PBXBuildFile; fileRef = EBE153961DF54F3D00AE7094 /* 御宅文化.png */; };
		EBE153A31DF54F3D00AE7094 /* 手机直播.png in Resources */ = {isa = PBXBuildFile; fileRef = EBE153971DF54F3D00AE7094 /* 手机直播.png */; };
		EBE153A41DF54F3D00AE7094 /* 手游直播.png in Resources */ = {isa = PBXBuildFile; fileRef = EBE153981DF54F3D00AE7094 /* 手游直播.png */; };
		EBE153A51DF54F3D00AE7094 /* 放映厅.png in Resources */ = {isa = PBXBuildFile; fileRef = EBE153991DF54F3D00AE7094 /* 放映厅.png */; };
		EBE153A61DF54F3D00AE7094 /* 生活娱乐.png in Resources */ = {isa = PBXBuildFile; fileRef = EBE1539A1DF54F3D00AE7094 /* 生活娱乐.png */; };
		EBE153A71DF54F3D00AE7094 /* 电子竞技.png in Resources */ = {isa = PBXBuildFile; fileRef = EBE1539B1DF54F3D00AE7094 /* 电子竞技.png */; };
		EBE153A81DF54F3D00AE7094 /* 绘画专区.png in Resources */ = {isa = PBXBuildFile; fileRef = EBE1539C1DF54F3D00AE7094 /* 绘画专区.png */; };
		EBE153A91DF54F3D00AE7094 /* 网络游戏.png in Resources */ = {isa = PBXBuildFile; fileRef = EBE1539D1DF54F3D00AE7094 /* 网络游戏.png */; };
		EBE153AA1DF54F3D00AE7094 /* 萌宅推荐.png in Resources */ = {isa = PBXBuildFile; fileRef = EBE1539E1DF54F3D00AE7094 /* 萌宅推荐.png */; };
		EBE153AE1DF559EE00AE7094 /* 番剧.jpeg in Resources */ = {isa = PBXBuildFile; fileRef = EBE153AB1DF559EE00AE7094 /* 番剧.jpeg */; };
		EBE153AF1DF559EE00AE7094 /* 推荐.jpg in Resources */ = {isa = PBXBuildFile; fileRef = EBE153AC1DF559EE00AE7094 /* 推荐.jpg */; };
		EBE153B01DF559EE00AE7094 /* 直播.jpg in Resources */ = {isa = PBXBuildFile; fileRef = EBE153AD1DF559EE00AE7094 /* 直播.jpg */; };
		EBE153B41DF56C4600AE7094 /* LoginViewController.m in Sources */ = {isa = PBXBuildFile; fileRef = EBE153B21DF56C4600AE7094 /* LoginViewController.m */; };
		EBE153B51DF56C4600AE7094 /* LoginViewController.xib in Resources */ = {isa = PBXBuildFile; fileRef = EBE153B31DF56C4600AE7094 /* LoginViewController.xib */; };
		EBE153B91DF56D6B00AE7094 /* 闭眼.jpg in Resources */ = {isa = PBXBuildFile; fileRef = EBE153B61DF56D6B00AE7094 /* 闭眼.jpg */; };
		EBE153BA1DF56D6B00AE7094 /* 滑稽.jpg in Resources */ = {isa = PBXBuildFile; fileRef = EBE153B71DF56D6B00AE7094 /* 滑稽.jpg */; };
		EBE153BB1DF56D6B00AE7094 /* 可怜.jpg in Resources */ = {isa = PBXBuildFile; fileRef = EBE153B81DF56D6B00AE7094 /* 可怜.jpg */; };
		EBE153BD1DF56DE900AE7094 /* 用户名.jpg in Resources */ = {isa = PBXBuildFile; fileRef = EBE153BC1DF56DE900AE7094 /* 用户名.jpg */; };
		EBE153BF1DF5759E00AE7094 /* IWantToLiveView.xib in Resources */ = {isa = PBXBuildFile; fileRef = EBE153BE1DF5759E00AE7094 /* IWantToLiveView.xib */; };
		EBE153C21DF575C000AE7094 /* IWantToLiveView.m in Sources */ = {isa = PBXBuildFile; fileRef = EBE153C11DF575C000AE7094 /* IWantToLiveView.m */; };
		EBE153C41DF576ED00AE7094 /* 超级玛丽.jpg in Resources */ = {isa = PBXBuildFile; fileRef = EBE153C31DF576ED00AE7094 /* 超级玛丽.jpg */; };
/* End PBXBuildFile section */

/* Begin PBXContainerItemProxy section */
		890D26381DF00BCA004B3A0E /* PBXContainerItemProxy */ = {
			isa = PBXContainerItemProxy;
			containerPortal = 890D26161DF00BC9004B3A0E /* Project object */;
			proxyType = 1;
			remoteGlobalIDString = 890D261D1DF00BC9004B3A0E;
			remoteInfo = FirstTeamBilibili;
		};
		890D26431DF00BCA004B3A0E /* PBXContainerItemProxy */ = {
			isa = PBXContainerItemProxy;
			containerPortal = 890D26161DF00BC9004B3A0E /* Project object */;
			proxyType = 1;
			remoteGlobalIDString = 890D261D1DF00BC9004B3A0E;
			remoteInfo = FirstTeamBilibili;
		};
/* End PBXContainerItemProxy section */

/* Begin PBXFileReference section */
		0018EAFE9B38232551AD9CB6 /* Pods-FirstTeamBilibili.release.xcconfig */ = {isa = PBXFileReference; includeInIndex = 1; lastKnownFileType = text.xcconfig; name = "Pods-FirstTeamBilibili.release.xcconfig"; path = "Pods/Target Support Files/Pods-FirstTeamBilibili/Pods-FirstTeamBilibili.release.xcconfig"; sourceTree = "<group>"; };
		495280B88A574CAC80335ADE /* libPods-FirstTeamBilibili.a */ = {isa = PBXFileReference; explicitFileType = archive.ar; includeInIndex = 0; path = "libPods-FirstTeamBilibili.a"; sourceTree = BUILT_PRODUCTS_DIR; };
		890D261E1DF00BC9004B3A0E /* FirstTeamBilibili.app */ = {isa = PBXFileReference; explicitFileType = wrapper.application; includeInIndex = 0; path = FirstTeamBilibili.app; sourceTree = BUILT_PRODUCTS_DIR; };
		890D26221DF00BC9004B3A0E /* main.m */ = {isa = PBXFileReference; lastKnownFileType = sourcecode.c.objc; path = main.m; sourceTree = "<group>"; };
		890D26241DF00BC9004B3A0E /* AppDelegate.h */ = {isa = PBXFileReference; lastKnownFileType = sourcecode.c.h; path = AppDelegate.h; sourceTree = "<group>"; };
		890D26251DF00BC9004B3A0E /* AppDelegate.m */ = {isa = PBXFileReference; lastKnownFileType = sourcecode.c.objc; path = AppDelegate.m; sourceTree = "<group>"; };
		890D26271DF00BC9004B3A0E /* ViewController.h */ = {isa = PBXFileReference; lastKnownFileType = sourcecode.c.h; path = ViewController.h; sourceTree = "<group>"; };
		890D26281DF00BC9004B3A0E /* ViewController.m */ = {isa = PBXFileReference; lastKnownFileType = sourcecode.c.objc; path = ViewController.m; sourceTree = "<group>"; };
		890D262B1DF00BC9004B3A0E /* Base */ = {isa = PBXFileReference; lastKnownFileType = file.storyboard; name = Base; path = Base.lproj/Main.storyboard; sourceTree = "<group>"; };
		890D26301DF00BC9004B3A0E /* Base */ = {isa = PBXFileReference; lastKnownFileType = file.storyboard; name = Base; path = Base.lproj/LaunchScreen.storyboard; sourceTree = "<group>"; };
		890D26321DF00BC9004B3A0E /* Info.plist */ = {isa = PBXFileReference; lastKnownFileType = text.plist.xml; path = Info.plist; sourceTree = "<group>"; };
		890D26371DF00BCA004B3A0E /* FirstTeamBilibiliTests.xctest */ = {isa = PBXFileReference; explicitFileType = wrapper.cfbundle; includeInIndex = 0; path = FirstTeamBilibiliTests.xctest; sourceTree = BUILT_PRODUCTS_DIR; };
		890D263B1DF00BCA004B3A0E /* FirstTeamBilibiliTests.m */ = {isa = PBXFileReference; lastKnownFileType = sourcecode.c.objc; path = FirstTeamBilibiliTests.m; sourceTree = "<group>"; };
		890D263D1DF00BCA004B3A0E /* Info.plist */ = {isa = PBXFileReference; lastKnownFileType = text.plist.xml; path = Info.plist; sourceTree = "<group>"; };
		890D26421DF00BCA004B3A0E /* FirstTeamBilibiliUITests.xctest */ = {isa = PBXFileReference; explicitFileType = wrapper.cfbundle; includeInIndex = 0; path = FirstTeamBilibiliUITests.xctest; sourceTree = BUILT_PRODUCTS_DIR; };
		890D26461DF00BCA004B3A0E /* FirstTeamBilibiliUITests.m */ = {isa = PBXFileReference; lastKnownFileType = sourcecode.c.objc; path = FirstTeamBilibiliUITests.m; sourceTree = "<group>"; };
		890D26481DF00BCA004B3A0E /* Info.plist */ = {isa = PBXFileReference; lastKnownFileType = text.plist.xml; path = Info.plist; sourceTree = "<group>"; };
		890D26541DF00C25004B3A0E /* TabBarViewController.h */ = {isa = PBXFileReference; fileEncoding = 4; lastKnownFileType = sourcecode.c.h; path = TabBarViewController.h; sourceTree = "<group>"; };
		890D26551DF00C25004B3A0E /* TabBarViewController.m */ = {isa = PBXFileReference; fileEncoding = 4; lastKnownFileType = sourcecode.c.objc; path = TabBarViewController.m; sourceTree = "<group>"; };
		890D26691DF01197004B3A0E /* HCJLiveViewController.h */ = {isa = PBXFileReference; fileEncoding = 4; lastKnownFileType = sourcecode.c.h; path = HCJLiveViewController.h; sourceTree = "<group>"; };
		890D266A1DF01197004B3A0E /* HCJLiveViewController.m */ = {isa = PBXFileReference; fileEncoding = 4; lastKnownFileType = sourcecode.c.objc; path = HCJLiveViewController.m; sourceTree = "<group>"; };
		890D266C1DF01225004B3A0E /* YJGRecommendViewController.h */ = {isa = PBXFileReference; fileEncoding = 4; lastKnownFileType = sourcecode.c.h; path = YJGRecommendViewController.h; sourceTree = "<group>"; };
		890D266D1DF01225004B3A0E /* YJGRecommendViewController.m */ = {isa = PBXFileReference; fileEncoding = 4; lastKnownFileType = sourcecode.c.objc; path = YJGRecommendViewController.m; sourceTree = "<group>"; };
		890D26741DF01703004B3A0E /* Assets.xcassets */ = {isa = PBXFileReference; lastKnownFileType = folder.assetcatalog; path = Assets.xcassets; sourceTree = "<group>"; };
		890D26771DF02051004B3A0E /* YXHCollectionHeaderView.h */ = {isa = PBXFileReference; fileEncoding = 4; lastKnownFileType = sourcecode.c.h; path = YXHCollectionHeaderView.h; sourceTree = "<group>"; };
		890D26781DF02051004B3A0E /* YXHCollectionHeaderView.m */ = {isa = PBXFileReference; fileEncoding = 4; lastKnownFileType = sourcecode.c.objc; path = YXHCollectionHeaderView.m; sourceTree = "<group>"; };
		890D26791DF02051004B3A0E /* YXHNewBangumiCollectionViewCell.h */ = {isa = PBXFileReference; fileEncoding = 4; lastKnownFileType = sourcecode.c.h; path = YXHNewBangumiCollectionViewCell.h; sourceTree = "<group>"; };
		890D267A1DF02051004B3A0E /* YXHNewBangumiCollectionViewCell.m */ = {isa = PBXFileReference; fileEncoding = 4; lastKnownFileType = sourcecode.c.objc; path = YXHNewBangumiCollectionViewCell.m; sourceTree = "<group>"; };
		890D267B1DF02051004B3A0E /* YXHNewBangumiCollectionViewCell.xib */ = {isa = PBXFileReference; fileEncoding = 4; lastKnownFileType = file.xib; path = YXHNewBangumiCollectionViewCell.xib; sourceTree = "<group>"; };
		890D267F1DF02071004B3A0E /* YXHNewBangumiModel.h */ = {isa = PBXFileReference; fileEncoding = 4; lastKnownFileType = sourcecode.c.h; path = YXHNewBangumiModel.h; sourceTree = "<group>"; };
		890D26801DF02071004B3A0E /* YXHNewBangumiModel.m */ = {isa = PBXFileReference; fileEncoding = 4; lastKnownFileType = sourcecode.c.objc; path = YXHNewBangumiModel.m; sourceTree = "<group>"; };
		890D26811DF02071004B3A0E /* YXHRecommendModel.h */ = {isa = PBXFileReference; fileEncoding = 4; lastKnownFileType = sourcecode.c.h; path = YXHRecommendModel.h; sourceTree = "<group>"; };
		890D26821DF02071004B3A0E /* YXHRecommendModel.m */ = {isa = PBXFileReference; fileEncoding = 4; lastKnownFileType = sourcecode.c.objc; path = YXHRecommendModel.m; sourceTree = "<group>"; };
		890D26851DF0207E004B3A0E /* YXHBangumiCollectionViewController.h */ = {isa = PBXFileReference; fileEncoding = 4; lastKnownFileType = sourcecode.c.h; path = YXHBangumiCollectionViewController.h; sourceTree = "<group>"; };
		890D26861DF0207E004B3A0E /* YXHBangumiCollectionViewController.m */ = {isa = PBXFileReference; fileEncoding = 4; lastKnownFileType = sourcecode.c.objc; path = YXHBangumiCollectionViewController.m; sourceTree = "<group>"; };
		890D26881DF020FB004B3A0E /* PrefixHeader.pch */ = {isa = PBXFileReference; lastKnownFileType = sourcecode.c.h; path = PrefixHeader.pch; sourceTree = "<group>"; };
		890D26921DF024E3004B3A0E /* UIImage+YXHCycle.h */ = {isa = PBXFileReference; fileEncoding = 4; lastKnownFileType = sourcecode.c.h; path = "UIImage+YXHCycle.h"; sourceTree = "<group>"; };
		890D26931DF024E3004B3A0E /* UIImage+YXHCycle.m */ = {isa = PBXFileReference; fileEncoding = 4; lastKnownFileType = sourcecode.c.objc; path = "UIImage+YXHCycle.m"; sourceTree = "<group>"; };
		890D26941DF024E3004B3A0E /* UIImageView+YXHCycle.h */ = {isa = PBXFileReference; fileEncoding = 4; lastKnownFileType = sourcecode.c.h; path = "UIImageView+YXHCycle.h"; sourceTree = "<group>"; };
		890D26951DF024E3004B3A0E /* UIImageView+YXHCycle.m */ = {isa = PBXFileReference; fileEncoding = 4; lastKnownFileType = sourcecode.c.objc; path = "UIImageView+YXHCycle.m"; sourceTree = "<group>"; };
		890D26961DF024E3004B3A0E /* UIView+YXHCategory.h */ = {isa = PBXFileReference; fileEncoding = 4; lastKnownFileType = sourcecode.c.h; path = "UIView+YXHCategory.h"; sourceTree = "<group>"; };
		890D26971DF024E3004B3A0E /* UIView+YXHCategory.m */ = {isa = PBXFileReference; fileEncoding = 4; lastKnownFileType = sourcecode.c.objc; path = "UIView+YXHCategory.m"; sourceTree = "<group>"; };
		890D269E1DF030BD004B3A0E /* YXHRecommendCollectionViewCell.h */ = {isa = PBXFileReference; fileEncoding = 4; lastKnownFileType = sourcecode.c.h; path = YXHRecommendCollectionViewCell.h; sourceTree = "<group>"; };
		890D269F1DF030BD004B3A0E /* YXHRecommendCollectionViewCell.m */ = {isa = PBXFileReference; fileEncoding = 4; lastKnownFileType = sourcecode.c.objc; path = YXHRecommendCollectionViewCell.m; sourceTree = "<group>"; };
		890D26A01DF030BD004B3A0E /* YXHRecommendCollectionViewCell.xib */ = {isa = PBXFileReference; fileEncoding = 4; lastKnownFileType = file.xib; path = YXHRecommendCollectionViewCell.xib; sourceTree = "<group>"; };
		89174D791DF1135C0093E6EC /* home_bangumi_tableHead_week3@2x~iphone.png */ = {isa = PBXFileReference; lastKnownFileType = image.png; path = "home_bangumi_tableHead_week3@2x~iphone.png"; sourceTree = "<group>"; };
		89174D7A1DF1135C0093E6EC /* home_bangumi_tableHead_week3@3x~iphone.png */ = {isa = PBXFileReference; lastKnownFileType = image.png; path = "home_bangumi_tableHead_week3@3x~iphone.png"; sourceTree = "<group>"; };
		89174D8F1DF113710093E6EC /* home_bangumi_tableHead_indexIcon@3x~iphone.png */ = {isa = PBXFileReference; lastKnownFileType = image.png; path = "home_bangumi_tableHead_indexIcon@3x~iphone.png"; sourceTree = "<group>"; };
		89174D901DF113710093E6EC /* home_bangumi_tableHead_followIcon@3x~iphone.png */ = {isa = PBXFileReference; lastKnownFileType = image.png; path = "home_bangumi_tableHead_followIcon@3x~iphone.png"; sourceTree = "<group>"; };
		89174D911DF113710093E6EC /* home_bangumi_tableHead_followIcon@2x~iphone.png */ = {isa = PBXFileReference; lastKnownFileType = image.png; path = "home_bangumi_tableHead_followIcon@2x~iphone.png"; sourceTree = "<group>"; };
		89174D921DF113710093E6EC /* home_bangumi_tableHead_indexIcon@2x~iphone.png */ = {isa = PBXFileReference; lastKnownFileType = image.png; path = "home_bangumi_tableHead_indexIcon@2x~iphone.png"; sourceTree = "<group>"; };
		89174D971DF140230093E6EC /* AnimationButton.h */ = {isa = PBXFileReference; fileEncoding = 4; lastKnownFileType = sourcecode.c.h; path = AnimationButton.h; sourceTree = "<group>"; };
		89174D981DF140230093E6EC /* AnimationButton.m */ = {isa = PBXFileReference; fileEncoding = 4; lastKnownFileType = sourcecode.c.objc; path = AnimationButton.m; sourceTree = "<group>"; };
		89174D9D1DF1512E0093E6EC /* YXHSectionHeaderCollectionReusableView.h */ = {isa = PBXFileReference; fileEncoding = 4; lastKnownFileType = sourcecode.c.h; path = YXHSectionHeaderCollectionReusableView.h; sourceTree = "<group>"; };
		89174D9E1DF1512E0093E6EC /* YXHSectionHeaderCollectionReusableView.m */ = {isa = PBXFileReference; fileEncoding = 4; lastKnownFileType = sourcecode.c.objc; path = YXHSectionHeaderCollectionReusableView.m; sourceTree = "<group>"; };
		89174D9F1DF1512E0093E6EC /* YXHSectionHeaderCollectionReusableView.xib */ = {isa = PBXFileReference; fileEncoding = 4; lastKnownFileType = file.xib; path = YXHSectionHeaderCollectionReusableView.xib; sourceTree = "<group>"; };
		89174DA81DF15BEA0093E6EC /* home_region_icon_32@2x.png */ = {isa = PBXFileReference; lastKnownFileType = image.png; path = "home_region_icon_32@2x.png"; sourceTree = "<group>"; };
		89174DA91DF15BEA0093E6EC /* home_region_icon_32@3x.png */ = {isa = PBXFileReference; lastKnownFileType = image.png; path = "home_region_icon_32@3x.png"; sourceTree = "<group>"; };
		89174DAA1DF15BEA0093E6EC /* home_region_icon_33@2x.png */ = {isa = PBXFileReference; lastKnownFileType = image.png; path = "home_region_icon_33@2x.png"; sourceTree = "<group>"; };
		89174DAB1DF15BEA0093E6EC /* home_region_icon_33@3x.png */ = {isa = PBXFileReference; lastKnownFileType = image.png; path = "home_region_icon_33@3x.png"; sourceTree = "<group>"; };
		89174DAC1DF15BEA0093E6EC /* home_region_icon_152@2x.png */ = {isa = PBXFileReference; lastKnownFileType = image.png; path = "home_region_icon_152@2x.png"; sourceTree = "<group>"; };
		89174DAD1DF15BEA0093E6EC /* home_region_icon_152@3x.png */ = {isa = PBXFileReference; lastKnownFileType = image.png; path = "home_region_icon_152@3x.png"; sourceTree = "<group>"; };
		89174DAE1DF15BEA0093E6EC /* home_region_icon_153@2x.png */ = {isa = PBXFileReference; lastKnownFileType = image.png; path = "home_region_icon_153@2x.png"; sourceTree = "<group>"; };
		89174DAF1DF15BEA0093E6EC /* home_region_icon_153@3x.png */ = {isa = PBXFileReference; lastKnownFileType = image.png; path = "home_region_icon_153@3x.png"; sourceTree = "<group>"; };
		89174DB91DF1696A0093E6EC /* bangumi_unfinished.png */ = {isa = PBXFileReference; lastKnownFileType = image.png; path = bangumi_unfinished.png; sourceTree = "<group>"; };
		89174DBA1DF1696A0093E6EC /* bangumi_unfinished@2x.png */ = {isa = PBXFileReference; lastKnownFileType = image.png; path = "bangumi_unfinished@2x.png"; sourceTree = "<group>"; };
		89174DBB1DF1696A0093E6EC /* home_bangumi_tableHead_bangumiRecommend@2x~iphone.png */ = {isa = PBXFileReference; lastKnownFileType = image.png; path = "home_bangumi_tableHead_bangumiRecommend@2x~iphone.png"; sourceTree = "<group>"; };
		89174DBC1DF1696A0093E6EC /* home_bangumi_tableHead_bangumiRecommend@3x~iphone.png */ = {isa = PBXFileReference; lastKnownFileType = image.png; path = "home_bangumi_tableHead_bangumiRecommend@3x~iphone.png"; sourceTree = "<group>"; };
		89174DBD1DF1696A0093E6EC /* season_summer_icon.png */ = {isa = PBXFileReference; lastKnownFileType = image.png; path = season_summer_icon.png; sourceTree = "<group>"; };
		89174DBE1DF1696A0093E6EC /* season_summer_icon@2x.png */ = {isa = PBXFileReference; lastKnownFileType = image.png; path = "season_summer_icon@2x.png"; sourceTree = "<group>"; };
		89174DBF1DF1696A0093E6EC /* season_summer_icon@3x.png */ = {isa = PBXFileReference; lastKnownFileType = image.png; path = "season_summer_icon@3x.png"; sourceTree = "<group>"; };
		8978432A1DF568D4004DA7FA /* YXHSuperModel.h */ = {isa = PBXFileReference; fileEncoding = 4; lastKnownFileType = sourcecode.c.h; path = YXHSuperModel.h; sourceTree = "<group>"; };
		8978432B1DF568D4004DA7FA /* YXHSuperModel.m */ = {isa = PBXFileReference; fileEncoding = 4; lastKnownFileType = sourcecode.c.objc; path = YXHSuperModel.m; sourceTree = "<group>"; };
		8978432D1DF568EC004DA7FA /* common_back.png */ = {isa = PBXFileReference; lastKnownFileType = image.png; path = common_back.png; sourceTree = "<group>"; };
		8978432E1DF568EC004DA7FA /* common_back@2x.png */ = {isa = PBXFileReference; lastKnownFileType = image.png; path = "common_back@2x.png"; sourceTree = "<group>"; };
		8978432F1DF568EC004DA7FA /* common_back@3x.png */ = {isa = PBXFileReference; lastKnownFileType = image.png; path = "common_back@3x.png"; sourceTree = "<group>"; };
		897843301DF568EC004DA7FA /* common_downArrow.png */ = {isa = PBXFileReference; lastKnownFileType = image.png; path = common_downArrow.png; sourceTree = "<group>"; };
		897843311DF568EC004DA7FA /* common_downArrow@2x.png */ = {isa = PBXFileReference; lastKnownFileType = image.png; path = "common_downArrow@2x.png"; sourceTree = "<group>"; };
		897843321DF568EC004DA7FA /* common_downArrow@3x.png */ = {isa = PBXFileReference; lastKnownFileType = image.png; path = "common_downArrow@3x.png"; sourceTree = "<group>"; };
		897843391DF56914004DA7FA /* YXHNaviBarButton.h */ = {isa = PBXFileReference; fileEncoding = 4; lastKnownFileType = sourcecode.c.h; path = YXHNaviBarButton.h; sourceTree = "<group>"; };
		8978433A1DF56914004DA7FA /* YXHNaviBarButton.m */ = {isa = PBXFileReference; fileEncoding = 4; lastKnownFileType = sourcecode.c.objc; path = YXHNaviBarButton.m; sourceTree = "<group>"; };
		8978433C1DF56920004DA7FA /* YXHBangumiListViewController.h */ = {isa = PBXFileReference; fileEncoding = 4; lastKnownFileType = sourcecode.c.h; path = YXHBangumiListViewController.h; sourceTree = "<group>"; };
		8978433D1DF56920004DA7FA /* YXHBangumiListViewController.m */ = {isa = PBXFileReference; fileEncoding = 4; lastKnownFileType = sourcecode.c.objc; path = YXHBangumiListViewController.m; sourceTree = "<group>"; };
		897843401DF5692A004DA7FA /* YXHDomesticTableViewController.h */ = {isa = PBXFileReference; fileEncoding = 4; lastKnownFileType = sourcecode.c.h; path = YXHDomesticTableViewController.h; sourceTree = "<group>"; };
		897843411DF5692A004DA7FA /* YXHDomesticTableViewController.m */ = {isa = PBXFileReference; fileEncoding = 4; lastKnownFileType = sourcecode.c.objc; path = YXHDomesticTableViewController.m; sourceTree = "<group>"; };
		897843421DF5692A004DA7FA /* YXHFinishedTableViewController.h */ = {isa = PBXFileReference; fileEncoding = 4; lastKnownFileType = sourcecode.c.h; path = YXHFinishedTableViewController.h; sourceTree = "<group>"; };
		897843431DF5692A004DA7FA /* YXHFinishedTableViewController.m */ = {isa = PBXFileReference; fileEncoding = 4; lastKnownFileType = sourcecode.c.objc; path = YXHFinishedTableViewController.m; sourceTree = "<group>"; };
		897843441DF5692A004DA7FA /* YXHOfficialTableViewController.h */ = {isa = PBXFileReference; fileEncoding = 4; lastKnownFileType = sourcecode.c.h; path = YXHOfficialTableViewController.h; sourceTree = "<group>"; };
		897843451DF5692A004DA7FA /* YXHOfficialTableViewController.m */ = {isa = PBXFileReference; fileEncoding = 4; lastKnownFileType = sourcecode.c.objc; path = YXHOfficialTableViewController.m; sourceTree = "<group>"; };
		897843461DF5692A004DA7FA /* YXHSuperTableViewController.h */ = {isa = PBXFileReference; fileEncoding = 4; lastKnownFileType = sourcecode.c.h; path = YXHSuperTableViewController.h; sourceTree = "<group>"; };
		897843471DF5692A004DA7FA /* YXHSuperTableViewController.m */ = {isa = PBXFileReference; fileEncoding = 4; lastKnownFileType = sourcecode.c.objc; path = YXHSuperTableViewController.m; sourceTree = "<group>"; };
		897843481DF5692A004DA7FA /* YXHUnfinishedTableViewController.h */ = {isa = PBXFileReference; fileEncoding = 4; lastKnownFileType = sourcecode.c.h; path = YXHUnfinishedTableViewController.h; sourceTree = "<group>"; };
		897843491DF5692A004DA7FA /* YXHUnfinishedTableViewController.m */ = {isa = PBXFileReference; fileEncoding = 4; lastKnownFileType = sourcecode.c.objc; path = YXHUnfinishedTableViewController.m; sourceTree = "<group>"; };
		8978434F1DF5693A004DA7FA /* YXHSuperTableViewCell.h */ = {isa = PBXFileReference; fileEncoding = 4; lastKnownFileType = sourcecode.c.h; path = YXHSuperTableViewCell.h; sourceTree = "<group>"; };
		897843501DF5693A004DA7FA /* YXHSuperTableViewCell.m */ = {isa = PBXFileReference; fileEncoding = 4; lastKnownFileType = sourcecode.c.objc; path = YXHSuperTableViewCell.m; sourceTree = "<group>"; };
		897843511DF5693A004DA7FA /* YXHSuperTableViewCell.xib */ = {isa = PBXFileReference; fileEncoding = 4; lastKnownFileType = file.xib; path = YXHSuperTableViewCell.xib; sourceTree = "<group>"; };
		9E400DFEDAAEECAF7E3B66D6 /* Pods-FirstTeamBilibili.debug.xcconfig */ = {isa = PBXFileReference; includeInIndex = 1; lastKnownFileType = text.xcconfig; name = "Pods-FirstTeamBilibili.debug.xcconfig"; path = "Pods/Target Support Files/Pods-FirstTeamBilibili/Pods-FirstTeamBilibili.debug.xcconfig"; sourceTree = "<group>"; };
		EBE1537B1DF54CCD00AE7094 /* HeadCollectionReusableView.h */ = {isa = PBXFileReference; fileEncoding = 4; lastKnownFileType = sourcecode.c.h; path = HeadCollectionReusableView.h; sourceTree = "<group>"; };
		EBE1537C1DF54CCD00AE7094 /* HeadCollectionReusableView.m */ = {isa = PBXFileReference; fileEncoding = 4; lastKnownFileType = sourcecode.c.objc; path = HeadCollectionReusableView.m; sourceTree = "<group>"; };
		EBE1537D1DF54CCD00AE7094 /* HeadCollectionReusableView.xib */ = {isa = PBXFileReference; fileEncoding = 4; lastKnownFileType = file.xib; path = HeadCollectionReusableView.xib; sourceTree = "<group>"; };
		EBE1537E1DF54CCD00AE7094 /* LiveCollectionViewCell.h */ = {isa = PBXFileReference; fileEncoding = 4; lastKnownFileType = sourcecode.c.h; path = LiveCollectionViewCell.h; sourceTree = "<group>"; };
		EBE1537F1DF54CCD00AE7094 /* LiveCollectionViewCell.m */ = {isa = PBXFileReference; fileEncoding = 4; lastKnownFileType = sourcecode.c.objc; path = LiveCollectionViewCell.m; sourceTree = "<group>"; };
		EBE153801DF54CCD00AE7094 /* LiveCollectionViewCell.xib */ = {isa = PBXFileReference; fileEncoding = 4; lastKnownFileType = file.xib; path = LiveCollectionViewCell.xib; sourceTree = "<group>"; };
		EBE153861DF54D4C00AE7094 /* Banner.h */ = {isa = PBXFileReference; fileEncoding = 4; lastKnownFileType = sourcecode.c.h; path = Banner.h; sourceTree = "<group>"; };
		EBE153871DF54D4C00AE7094 /* Banner.m */ = {isa = PBXFileReference; fileEncoding = 4; lastKnownFileType = sourcecode.c.objc; path = Banner.m; sourceTree = "<group>"; };
		EBE153881DF54D4C00AE7094 /* LiveModel.h */ = {isa = PBXFileReference; fileEncoding = 4; lastKnownFileType = sourcecode.c.h; path = LiveModel.h; sourceTree = "<group>"; };
		EBE153891DF54D4C00AE7094 /* LiveModel.m */ = {isa = PBXFileReference; fileEncoding = 4; lastKnownFileType = sourcecode.c.objc; path = LiveModel.m; sourceTree = "<group>"; };
		EBE1538C1DF54D7900AE7094 /* BannerViewController.h */ = {isa = PBXFileReference; fileEncoding = 4; lastKnownFileType = sourcecode.c.h; path = BannerViewController.h; sourceTree = "<group>"; };
		EBE1538D1DF54D7900AE7094 /* BannerViewController.m */ = {isa = PBXFileReference; fileEncoding = 4; lastKnownFileType = sourcecode.c.objc; path = BannerViewController.m; sourceTree = "<group>"; };
		EBE1538E1DF54D7900AE7094 /* DetialLiveViewController.h */ = {isa = PBXFileReference; fileEncoding = 4; lastKnownFileType = sourcecode.c.h; path = DetialLiveViewController.h; sourceTree = "<group>"; };
		EBE1538F1DF54D7900AE7094 /* DetialLiveViewController.m */ = {isa = PBXFileReference; fileEncoding = 4; lastKnownFileType = sourcecode.c.objc; path = DetialLiveViewController.m; sourceTree = "<group>"; };
		EBE153931DF54F3D00AE7094 /* 单机联机.png */ = {isa = PBXFileReference; lastKnownFileType = image.png; path = "单机联机.png"; sourceTree = "<group>"; };
		EBE153941DF54F3D00AE7094 /* 唱见舞见.png */ = {isa = PBXFileReference; lastKnownFileType = image.png; path = "唱见舞见.png"; sourceTree = "<group>"; };
		EBE153951DF54F3D00AE7094 /* 在线人数.png */ = {isa = PBXFileReference; lastKnownFileType = image.png; path = "在线人数.png"; sourceTree = "<group>"; };
		EBE153961DF54F3D00AE7094 /* 御宅文化.png */ = {isa = PBXFileReference; lastKnownFileType = image.png; path = "御宅文化.png"; sourceTree = "<group>"; };
		EBE153971DF54F3D00AE7094 /* 手机直播.png */ = {isa = PBXFileReference; lastKnownFileType = image.png; path = "手机直播.png"; sourceTree = "<group>"; };
		EBE153981DF54F3D00AE7094 /* 手游直播.png */ = {isa = PBXFileReference; lastKnownFileType = image.png; path = "手游直播.png"; sourceTree = "<group>"; };
		EBE153991DF54F3D00AE7094 /* 放映厅.png */ = {isa = PBXFileReference; lastKnownFileType = image.png; path = "放映厅.png"; sourceTree = "<group>"; };
		EBE1539A1DF54F3D00AE7094 /* 生活娱乐.png */ = {isa = PBXFileReference; lastKnownFileType = image.png; path = "生活娱乐.png"; sourceTree = "<group>"; };
		EBE1539B1DF54F3D00AE7094 /* 电子竞技.png */ = {isa = PBXFileReference; lastKnownFileType = image.png; path = "电子竞技.png"; sourceTree = "<group>"; };
		EBE1539C1DF54F3D00AE7094 /* 绘画专区.png */ = {isa = PBXFileReference; lastKnownFileType = image.png; path = "绘画专区.png"; sourceTree = "<group>"; };
		EBE1539D1DF54F3D00AE7094 /* 网络游戏.png */ = {isa = PBXFileReference; lastKnownFileType = image.png; path = "网络游戏.png"; sourceTree = "<group>"; };
		EBE1539E1DF54F3D00AE7094 /* 萌宅推荐.png */ = {isa = PBXFileReference; lastKnownFileType = image.png; path = "萌宅推荐.png"; sourceTree = "<group>"; };
		EBE153AB1DF559EE00AE7094 /* 番剧.jpeg */ = {isa = PBXFileReference; lastKnownFileType = image.jpeg; path = "番剧.jpeg"; sourceTree = "<group>"; };
		EBE153AC1DF559EE00AE7094 /* 推荐.jpg */ = {isa = PBXFileReference; lastKnownFileType = image.jpeg; path = "推荐.jpg"; sourceTree = "<group>"; };
		EBE153AD1DF559EE00AE7094 /* 直播.jpg */ = {isa = PBXFileReference; lastKnownFileType = image.jpeg; path = "直播.jpg"; sourceTree = "<group>"; };
		EBE153B11DF56C4600AE7094 /* LoginViewController.h */ = {isa = PBXFileReference; fileEncoding = 4; lastKnownFileType = sourcecode.c.h; path = LoginViewController.h; sourceTree = "<group>"; };
		EBE153B21DF56C4600AE7094 /* LoginViewController.m */ = {isa = PBXFileReference; fileEncoding = 4; lastKnownFileType = sourcecode.c.objc; path = LoginViewController.m; sourceTree = "<group>"; };
		EBE153B31DF56C4600AE7094 /* LoginViewController.xib */ = {isa = PBXFileReference; fileEncoding = 4; lastKnownFileType = file.xib; path = LoginViewController.xib; sourceTree = "<group>"; };
		EBE153B61DF56D6B00AE7094 /* 闭眼.jpg */ = {isa = PBXFileReference; lastKnownFileType = image.jpeg; path = "闭眼.jpg"; sourceTree = "<group>"; };
		EBE153B71DF56D6B00AE7094 /* 滑稽.jpg */ = {isa = PBXFileReference; lastKnownFileType = image.jpeg; path = "滑稽.jpg"; sourceTree = "<group>"; };
		EBE153B81DF56D6B00AE7094 /* 可怜.jpg */ = {isa = PBXFileReference; lastKnownFileType = image.jpeg; path = "可怜.jpg"; sourceTree = "<group>"; };
		EBE153BC1DF56DE900AE7094 /* 用户名.jpg */ = {isa = PBXFileReference; lastKnownFileType = image.jpeg; path = "用户名.jpg"; sourceTree = "<group>"; };
		EBE153BE1DF5759E00AE7094 /* IWantToLiveView.xib */ = {isa = PBXFileReference; fileEncoding = 4; lastKnownFileType = file.xib; path = IWantToLiveView.xib; sourceTree = "<group>"; };
		EBE153C01DF575C000AE7094 /* IWantToLiveView.h */ = {isa = PBXFileReference; fileEncoding = 4; lastKnownFileType = sourcecode.c.h; path = IWantToLiveView.h; sourceTree = "<group>"; };
		EBE153C11DF575C000AE7094 /* IWantToLiveView.m */ = {isa = PBXFileReference; fileEncoding = 4; lastKnownFileType = sourcecode.c.objc; path = IWantToLiveView.m; sourceTree = "<group>"; };
		EBE153C31DF576ED00AE7094 /* 超级玛丽.jpg */ = {isa = PBXFileReference; lastKnownFileType = image.jpeg; path = "超级玛丽.jpg"; sourceTree = "<group>"; };
/* End PBXFileReference section */

/* Begin PBXFrameworksBuildPhase section */
		890D261B1DF00BC9004B3A0E /* Frameworks */ = {
			isa = PBXFrameworksBuildPhase;
			buildActionMask = 2147483647;
			files = (
				6C8D83B052DDFA07850A16AD /* libPods-FirstTeamBilibili.a in Frameworks */,
			);
			runOnlyForDeploymentPostprocessing = 0;
		};
		890D26341DF00BCA004B3A0E /* Frameworks */ = {
			isa = PBXFrameworksBuildPhase;
			buildActionMask = 2147483647;
			files = (
			);
			runOnlyForDeploymentPostprocessing = 0;
		};
		890D263F1DF00BCA004B3A0E /* Frameworks */ = {
			isa = PBXFrameworksBuildPhase;
			buildActionMask = 2147483647;
			files = (
			);
			runOnlyForDeploymentPostprocessing = 0;
		};
/* End PBXFrameworksBuildPhase section */

/* Begin PBXGroup section */
		30482187ACDB713D647F0CD6 /* Pods */ = {
			isa = PBXGroup;
			children = (
				9E400DFEDAAEECAF7E3B66D6 /* Pods-FirstTeamBilibili.debug.xcconfig */,
				0018EAFE9B38232551AD9CB6 /* Pods-FirstTeamBilibili.release.xcconfig */,
			);
			name = Pods;
			sourceTree = "<group>";
		};
		890D26151DF00BC9004B3A0E = {
			isa = PBXGroup;
			children = (
				890D26201DF00BC9004B3A0E /* FirstTeamBilibili */,
				890D263A1DF00BCA004B3A0E /* FirstTeamBilibiliTests */,
				890D26451DF00BCA004B3A0E /* FirstTeamBilibiliUITests */,
				890D261F1DF00BC9004B3A0E /* Products */,
				30482187ACDB713D647F0CD6 /* Pods */,
				AA766C11A1005743CBF1ECAB /* Frameworks */,
			);
			sourceTree = "<group>";
		};
		890D261F1DF00BC9004B3A0E /* Products */ = {
			isa = PBXGroup;
			children = (
				890D261E1DF00BC9004B3A0E /* FirstTeamBilibili.app */,
				890D26371DF00BCA004B3A0E /* FirstTeamBilibiliTests.xctest */,
				890D26421DF00BCA004B3A0E /* FirstTeamBilibiliUITests.xctest */,
			);
			name = Products;
			sourceTree = "<group>";
		};
		890D26201DF00BC9004B3A0E /* FirstTeamBilibili */ = {
			isa = PBXGroup;
			children = (
				890D26241DF00BC9004B3A0E /* AppDelegate.h */,
				890D26251DF00BC9004B3A0E /* AppDelegate.m */,
				890D26541DF00C25004B3A0E /* TabBarViewController.h */,
				890D26551DF00C25004B3A0E /* TabBarViewController.m */,
				890D26571DF01161004B3A0E /* HCJLive */,
				890D265D1DF0116C004B3A0E /* YJGRecommend */,
				890D26631DF0117C004B3A0E /* YXHBangumi */,
				890D26271DF00BC9004B3A0E /* ViewController.h */,
				890D26281DF00BC9004B3A0E /* ViewController.m */,
				890D262A1DF00BC9004B3A0E /* Main.storyboard */,
				890D262F1DF00BC9004B3A0E /* LaunchScreen.storyboard */,
				890D26321DF00BC9004B3A0E /* Info.plist */,
				890D26881DF020FB004B3A0E /* PrefixHeader.pch */,
				890D26741DF01703004B3A0E /* Assets.xcassets */,
				890D26211DF00BC9004B3A0E /* Supporting Files */,
			);
			path = FirstTeamBilibili;
			sourceTree = "<group>";
		};
		890D26211DF00BC9004B3A0E /* Supporting Files */ = {
			isa = PBXGroup;
			children = (
				890D26221DF00BC9004B3A0E /* main.m */,
			);
			name = "Supporting Files";
			sourceTree = "<group>";
		};
		890D263A1DF00BCA004B3A0E /* FirstTeamBilibiliTests */ = {
			isa = PBXGroup;
			children = (
				890D263B1DF00BCA004B3A0E /* FirstTeamBilibiliTests.m */,
				890D263D1DF00BCA004B3A0E /* Info.plist */,
			);
			path = FirstTeamBilibiliTests;
			sourceTree = "<group>";
		};
		890D26451DF00BCA004B3A0E /* FirstTeamBilibiliUITests */ = {
			isa = PBXGroup;
			children = (
				890D26461DF00BCA004B3A0E /* FirstTeamBilibiliUITests.m */,
				890D26481DF00BCA004B3A0E /* Info.plist */,
			);
			path = FirstTeamBilibiliUITests;
			sourceTree = "<group>";
		};
		890D26571DF01161004B3A0E /* HCJLive */ = {
			isa = PBXGroup;
			children = (
				EBE153851DF54D4C00AE7094 /* Models */,
				EBE153921DF54F3D00AE7094 /* others */,
				890D265A1DF01161004B3A0E /* tools */,
				EBE1537A1DF54CCD00AE7094 /* View */,
				890D265B1DF01161004B3A0E /* viewContrllers */,
			);
			path = HCJLive;
			sourceTree = "<group>";
		};
		890D265A1DF01161004B3A0E /* tools */ = {
			isa = PBXGroup;
			children = (
			);
			path = tools;
			sourceTree = "<group>";
		};
		890D265B1DF01161004B3A0E /* viewContrllers */ = {
			isa = PBXGroup;
			children = (
				890D26691DF01197004B3A0E /* HCJLiveViewController.h */,
				890D266A1DF01197004B3A0E /* HCJLiveViewController.m */,
				EBE1538C1DF54D7900AE7094 /* BannerViewController.h */,
				EBE1538D1DF54D7900AE7094 /* BannerViewController.m */,
				EBE1538E1DF54D7900AE7094 /* DetialLiveViewController.h */,
				EBE1538F1DF54D7900AE7094 /* DetialLiveViewController.m */,
				EBE153B11DF56C4600AE7094 /* LoginViewController.h */,
				EBE153B21DF56C4600AE7094 /* LoginViewController.m */,
				EBE153B31DF56C4600AE7094 /* LoginViewController.xib */,
			);
			path = viewContrllers;
			sourceTree = "<group>";
		};
		890D265D1DF0116C004B3A0E /* YJGRecommend */ = {
			isa = PBXGroup;
			children = (
				890D265E1DF0116C004B3A0E /* Models */,
				890D265F1DF0116C004B3A0E /* others */,
				890D26601DF0116C004B3A0E /* tools */,
				890D26611DF0116C004B3A0E /* viewContrllers */,
				890D26621DF0116C004B3A0E /* views */,
			);
			path = YJGRecommend;
			sourceTree = "<group>";
		};
		890D265E1DF0116C004B3A0E /* Models */ = {
			isa = PBXGroup;
			children = (
			);
			path = Models;
			sourceTree = "<group>";
		};
		890D265F1DF0116C004B3A0E /* others */ = {
			isa = PBXGroup;
			children = (
			);
			path = others;
			sourceTree = "<group>";
		};
		890D26601DF0116C004B3A0E /* tools */ = {
			isa = PBXGroup;
			children = (
			);
			path = tools;
			sourceTree = "<group>";
		};
		890D26611DF0116C004B3A0E /* viewContrllers */ = {
			isa = PBXGroup;
			children = (
				890D266C1DF01225004B3A0E /* YJGRecommendViewController.h */,
				890D266D1DF01225004B3A0E /* YJGRecommendViewController.m */,
			);
			path = viewContrllers;
			sourceTree = "<group>";
		};
		890D26621DF0116C004B3A0E /* views */ = {
			isa = PBXGroup;
			children = (
			);
			path = views;
			sourceTree = "<group>";
		};
		890D26631DF0117C004B3A0E /* YXHBangumi */ = {
			isa = PBXGroup;
			children = (
				890D26671DF0117C004B3A0E /* viewContrllers */,
				890D26641DF0117C004B3A0E /* Models */,
				890D26681DF0117C004B3A0E /* views */,
				890D26661DF0117C004B3A0E /* tools */,
				890D26651DF0117C004B3A0E /* others */,
			);
			path = YXHBangumi;
			sourceTree = "<group>";
		};
		890D26641DF0117C004B3A0E /* Models */ = {
			isa = PBXGroup;
			children = (
				890D267F1DF02071004B3A0E /* YXHNewBangumiModel.h */,
				890D26801DF02071004B3A0E /* YXHNewBangumiModel.m */,
				890D26811DF02071004B3A0E /* YXHRecommendModel.h */,
				890D26821DF02071004B3A0E /* YXHRecommendModel.m */,
				8978432A1DF568D4004DA7FA /* YXHSuperModel.h */,
				8978432B1DF568D4004DA7FA /* YXHSuperModel.m */,
			);
			path = Models;
			sourceTree = "<group>";
		};
		890D26651DF0117C004B3A0E /* others */ = {
			isa = PBXGroup;
			children = (
				89174D611DF10FCB0093E6EC /* YXHResource */,
			);
			path = others;
			sourceTree = "<group>";
		};
		890D26661DF0117C004B3A0E /* tools */ = {
			isa = PBXGroup;
			children = (
				890D26921DF024E3004B3A0E /* UIImage+YXHCycle.h */,
				890D26931DF024E3004B3A0E /* UIImage+YXHCycle.m */,
				890D26941DF024E3004B3A0E /* UIImageView+YXHCycle.h */,
				890D26951DF024E3004B3A0E /* UIImageView+YXHCycle.m */,
				890D26961DF024E3004B3A0E /* UIView+YXHCategory.h */,
				890D26971DF024E3004B3A0E /* UIView+YXHCategory.m */,
				89174D971DF140230093E6EC /* AnimationButton.h */,
				89174D981DF140230093E6EC /* AnimationButton.m */,
				897843391DF56914004DA7FA /* YXHNaviBarButton.h */,
				8978433A1DF56914004DA7FA /* YXHNaviBarButton.m */,
			);
			path = tools;
			sourceTree = "<group>";
		};
		890D26671DF0117C004B3A0E /* viewContrllers */ = {
			isa = PBXGroup;
			children = (
				890D26851DF0207E004B3A0E /* YXHBangumiCollectionViewController.h */,
				890D26861DF0207E004B3A0E /* YXHBangumiCollectionViewController.m */,
				8978433C1DF56920004DA7FA /* YXHBangumiListViewController.h */,
				8978433D1DF56920004DA7FA /* YXHBangumiListViewController.m */,
				8978433F1DF5692A004DA7FA /* YXHBangumiList */,
			);
			path = viewContrllers;
			sourceTree = "<group>";
		};
		890D26681DF0117C004B3A0E /* views */ = {
			isa = PBXGroup;
			children = (
				890D26771DF02051004B3A0E /* YXHCollectionHeaderView.h */,
				890D26781DF02051004B3A0E /* YXHCollectionHeaderView.m */,
				89174D9D1DF1512E0093E6EC /* YXHSectionHeaderCollectionReusableView.h */,
				89174D9E1DF1512E0093E6EC /* YXHSectionHeaderCollectionReusableView.m */,
				89174D9F1DF1512E0093E6EC /* YXHSectionHeaderCollectionReusableView.xib */,
				890D26791DF02051004B3A0E /* YXHNewBangumiCollectionViewCell.h */,
				890D267A1DF02051004B3A0E /* YXHNewBangumiCollectionViewCell.m */,
				890D267B1DF02051004B3A0E /* YXHNewBangumiCollectionViewCell.xib */,
				890D269E1DF030BD004B3A0E /* YXHRecommendCollectionViewCell.h */,
				890D269F1DF030BD004B3A0E /* YXHRecommendCollectionViewCell.m */,
				890D26A01DF030BD004B3A0E /* YXHRecommendCollectionViewCell.xib */,
				8978434F1DF5693A004DA7FA /* YXHSuperTableViewCell.h */,
				897843501DF5693A004DA7FA /* YXHSuperTableViewCell.m */,
				897843511DF5693A004DA7FA /* YXHSuperTableViewCell.xib */,
			);
			path = views;
			sourceTree = "<group>";
		};
		89174D611DF10FCB0093E6EC /* YXHResource */ = {
			isa = PBXGroup;
			children = (
				8978432D1DF568EC004DA7FA /* common_back.png */,
				8978432E1DF568EC004DA7FA /* common_back@2x.png */,
				8978432F1DF568EC004DA7FA /* common_back@3x.png */,
				897843301DF568EC004DA7FA /* common_downArrow.png */,
				897843311DF568EC004DA7FA /* common_downArrow@2x.png */,
				897843321DF568EC004DA7FA /* common_downArrow@3x.png */,
				89174DB81DF1696A0093E6EC /* sectionHeader */,
				89174D621DF10FCB0093E6EC /* collectionHeader */,
			);
			path = YXHResource;
			sourceTree = "<group>";
		};
		89174D621DF10FCB0093E6EC /* collectionHeader */ = {
			isa = PBXGroup;
			children = (
				89174DA81DF15BEA0093E6EC /* home_region_icon_32@2x.png */,
				89174DA91DF15BEA0093E6EC /* home_region_icon_32@3x.png */,
				89174DAA1DF15BEA0093E6EC /* home_region_icon_33@2x.png */,
				89174DAB1DF15BEA0093E6EC /* home_region_icon_33@3x.png */,
				89174DAC1DF15BEA0093E6EC /* home_region_icon_152@2x.png */,
				89174DAD1DF15BEA0093E6EC /* home_region_icon_152@3x.png */,
				89174DAE1DF15BEA0093E6EC /* home_region_icon_153@2x.png */,
				89174DAF1DF15BEA0093E6EC /* home_region_icon_153@3x.png */,
				89174D8F1DF113710093E6EC /* home_bangumi_tableHead_indexIcon@3x~iphone.png */,
				89174D901DF113710093E6EC /* home_bangumi_tableHead_followIcon@3x~iphone.png */,
				89174D911DF113710093E6EC /* home_bangumi_tableHead_followIcon@2x~iphone.png */,
				89174D921DF113710093E6EC /* home_bangumi_tableHead_indexIcon@2x~iphone.png */,
				89174D791DF1135C0093E6EC /* home_bangumi_tableHead_week3@2x~iphone.png */,
				89174D7A1DF1135C0093E6EC /* home_bangumi_tableHead_week3@3x~iphone.png */,
			);
			path = collectionHeader;
			sourceTree = "<group>";
		};
		89174DB81DF1696A0093E6EC /* sectionHeader */ = {
			isa = PBXGroup;
			children = (
				89174DB91DF1696A0093E6EC /* bangumi_unfinished.png */,
				89174DBA1DF1696A0093E6EC /* bangumi_unfinished@2x.png */,
				89174DBB1DF1696A0093E6EC /* home_bangumi_tableHead_bangumiRecommend@2x~iphone.png */,
				89174DBC1DF1696A0093E6EC /* home_bangumi_tableHead_bangumiRecommend@3x~iphone.png */,
				89174DBD1DF1696A0093E6EC /* season_summer_icon.png */,
				89174DBE1DF1696A0093E6EC /* season_summer_icon@2x.png */,
				89174DBF1DF1696A0093E6EC /* season_summer_icon@3x.png */,
			);
			path = sectionHeader;
			sourceTree = "<group>";
		};
		8978433F1DF5692A004DA7FA /* YXHBangumiList */ = {
			isa = PBXGroup;
			children = (
				897843461DF5692A004DA7FA /* YXHSuperTableViewController.h */,
				897843471DF5692A004DA7FA /* YXHSuperTableViewController.m */,
				897843481DF5692A004DA7FA /* YXHUnfinishedTableViewController.h */,
				897843491DF5692A004DA7FA /* YXHUnfinishedTableViewController.m */,
				897843421DF5692A004DA7FA /* YXHFinishedTableViewController.h */,
				897843431DF5692A004DA7FA /* YXHFinishedTableViewController.m */,
				897843401DF5692A004DA7FA /* YXHDomesticTableViewController.h */,
				897843411DF5692A004DA7FA /* YXHDomesticTableViewController.m */,
				897843441DF5692A004DA7FA /* YXHOfficialTableViewController.h */,
				897843451DF5692A004DA7FA /* YXHOfficialTableViewController.m */,
			);
			path = YXHBangumiList;
			sourceTree = "<group>";
		};
		AA766C11A1005743CBF1ECAB /* Frameworks */ = {
			isa = PBXGroup;
			children = (
				495280B88A574CAC80335ADE /* libPods-FirstTeamBilibili.a */,
			);
			name = Frameworks;
			sourceTree = "<group>";
		};
		EBE1537A1DF54CCD00AE7094 /* View */ = {
			isa = PBXGroup;
			children = (
				EBE1537B1DF54CCD00AE7094 /* HeadCollectionReusableView.h */,
				EBE1537C1DF54CCD00AE7094 /* HeadCollectionReusableView.m */,
				EBE1537D1DF54CCD00AE7094 /* HeadCollectionReusableView.xib */,
				EBE1537E1DF54CCD00AE7094 /* LiveCollectionViewCell.h */,
				EBE1537F1DF54CCD00AE7094 /* LiveCollectionViewCell.m */,
				EBE153801DF54CCD00AE7094 /* LiveCollectionViewCell.xib */,
				EBE153C01DF575C000AE7094 /* IWantToLiveView.h */,
				EBE153C11DF575C000AE7094 /* IWantToLiveView.m */,
				EBE153BE1DF5759E00AE7094 /* IWantToLiveView.xib */,
			);
			path = View;
			sourceTree = "<group>";
		};
		EBE153851DF54D4C00AE7094 /* Models */ = {
			isa = PBXGroup;
			children = (
				EBE153861DF54D4C00AE7094 /* Banner.h */,
				EBE153871DF54D4C00AE7094 /* Banner.m */,
				EBE153881DF54D4C00AE7094 /* LiveModel.h */,
				EBE153891DF54D4C00AE7094 /* LiveModel.m */,
			);
			path = Models;
			sourceTree = "<group>";
		};
		EBE153921DF54F3D00AE7094 /* others */ = {
			isa = PBXGroup;
			children = (
				EBE153931DF54F3D00AE7094 /* 单机联机.png */,
				EBE153941DF54F3D00AE7094 /* 唱见舞见.png */,
				EBE153951DF54F3D00AE7094 /* 在线人数.png */,
				EBE153961DF54F3D00AE7094 /* 御宅文化.png */,
				EBE153971DF54F3D00AE7094 /* 手机直播.png */,
				EBE153981DF54F3D00AE7094 /* 手游直播.png */,
				EBE153991DF54F3D00AE7094 /* 放映厅.png */,
				EBE1539A1DF54F3D00AE7094 /* 生活娱乐.png */,
				EBE1539B1DF54F3D00AE7094 /* 电子竞技.png */,
				EBE1539C1DF54F3D00AE7094 /* 绘画专区.png */,
				EBE1539D1DF54F3D00AE7094 /* 网络游戏.png */,
				EBE1539E1DF54F3D00AE7094 /* 萌宅推荐.png */,
				EBE153AB1DF559EE00AE7094 /* 番剧.jpeg */,
				EBE153AC1DF559EE00AE7094 /* 推荐.jpg */,
				EBE153AD1DF559EE00AE7094 /* 直播.jpg */,
				EBE153B61DF56D6B00AE7094 /* 闭眼.jpg */,
				EBE153B71DF56D6B00AE7094 /* 滑稽.jpg */,
				EBE153B81DF56D6B00AE7094 /* 可怜.jpg */,
				EBE153BC1DF56DE900AE7094 /* 用户名.jpg */,
				EBE153C31DF576ED00AE7094 /* 超级玛丽.jpg */,
			);
			path = others;
			sourceTree = "<group>";
		};
/* End PBXGroup section */

/* Begin PBXNativeTarget section */
		890D261D1DF00BC9004B3A0E /* FirstTeamBilibili */ = {
			isa = PBXNativeTarget;
			buildConfigurationList = 890D264B1DF00BCA004B3A0E /* Build configuration list for PBXNativeTarget "FirstTeamBilibili" */;
			buildPhases = (
				4BAFB66BFA3CE84A1C4A71CF /* [CP] Check Pods Manifest.lock */,
				890D261A1DF00BC9004B3A0E /* Sources */,
				890D261B1DF00BC9004B3A0E /* Frameworks */,
				890D261C1DF00BC9004B3A0E /* Resources */,
				E34AD568B837C43B7A8466FF /* [CP] Embed Pods Frameworks */,
				BA3D77FDB8CF67F46D391A0B /* [CP] Copy Pods Resources */,
			);
			buildRules = (
			);
			dependencies = (
			);
			name = FirstTeamBilibili;
			productName = FirstTeamBilibili;
			productReference = 890D261E1DF00BC9004B3A0E /* FirstTeamBilibili.app */;
			productType = "com.apple.product-type.application";
		};
		890D26361DF00BCA004B3A0E /* FirstTeamBilibiliTests */ = {
			isa = PBXNativeTarget;
			buildConfigurationList = 890D264E1DF00BCA004B3A0E /* Build configuration list for PBXNativeTarget "FirstTeamBilibiliTests" */;
			buildPhases = (
				890D26331DF00BCA004B3A0E /* Sources */,
				890D26341DF00BCA004B3A0E /* Frameworks */,
				890D26351DF00BCA004B3A0E /* Resources */,
			);
			buildRules = (
			);
			dependencies = (
				890D26391DF00BCA004B3A0E /* PBXTargetDependency */,
			);
			name = FirstTeamBilibiliTests;
			productName = FirstTeamBilibiliTests;
			productReference = 890D26371DF00BCA004B3A0E /* FirstTeamBilibiliTests.xctest */;
			productType = "com.apple.product-type.bundle.unit-test";
		};
		890D26411DF00BCA004B3A0E /* FirstTeamBilibiliUITests */ = {
			isa = PBXNativeTarget;
			buildConfigurationList = 890D26511DF00BCA004B3A0E /* Build configuration list for PBXNativeTarget "FirstTeamBilibiliUITests" */;
			buildPhases = (
				890D263E1DF00BCA004B3A0E /* Sources */,
				890D263F1DF00BCA004B3A0E /* Frameworks */,
				890D26401DF00BCA004B3A0E /* Resources */,
			);
			buildRules = (
			);
			dependencies = (
				890D26441DF00BCA004B3A0E /* PBXTargetDependency */,
			);
			name = FirstTeamBilibiliUITests;
			productName = FirstTeamBilibiliUITests;
			productReference = 890D26421DF00BCA004B3A0E /* FirstTeamBilibiliUITests.xctest */;
			productType = "com.apple.product-type.bundle.ui-testing";
		};
/* End PBXNativeTarget section */

/* Begin PBXProject section */
		890D26161DF00BC9004B3A0E /* Project object */ = {
			isa = PBXProject;
			attributes = {
				LastUpgradeCheck = 0810;
				ORGANIZATIONNAME = WYZC;
				TargetAttributes = {
					890D261D1DF00BC9004B3A0E = {
						CreatedOnToolsVersion = 8.1;
						ProvisioningStyle = Automatic;
					};
					890D26361DF00BCA004B3A0E = {
						CreatedOnToolsVersion = 8.1;
						ProvisioningStyle = Automatic;
						TestTargetID = 890D261D1DF00BC9004B3A0E;
					};
					890D26411DF00BCA004B3A0E = {
						CreatedOnToolsVersion = 8.1;
						ProvisioningStyle = Automatic;
						TestTargetID = 890D261D1DF00BC9004B3A0E;
					};
				};
			};
			buildConfigurationList = 890D26191DF00BC9004B3A0E /* Build configuration list for PBXProject "FirstTeamBilibili" */;
			compatibilityVersion = "Xcode 3.2";
			developmentRegion = English;
			hasScannedForEncodings = 0;
			knownRegions = (
				en,
				Base,
			);
			mainGroup = 890D26151DF00BC9004B3A0E;
			productRefGroup = 890D261F1DF00BC9004B3A0E /* Products */;
			projectDirPath = "";
			projectRoot = "";
			targets = (
				890D261D1DF00BC9004B3A0E /* FirstTeamBilibili */,
				890D26361DF00BCA004B3A0E /* FirstTeamBilibiliTests */,
				890D26411DF00BCA004B3A0E /* FirstTeamBilibiliUITests */,
			);
		};
/* End PBXProject section */

/* Begin PBXResourcesBuildPhase section */
		890D261C1DF00BC9004B3A0E /* Resources */ = {
			isa = PBXResourcesBuildPhase;
			buildActionMask = 2147483647;
			files = (
				EBE153BB1DF56D6B00AE7094 /* 可怜.jpg in Resources */,
				EBE153BF1DF5759E00AE7094 /* IWantToLiveView.xib in Resources */,
				EBE153AE1DF559EE00AE7094 /* 番剧.jpeg in Resources */,
				897843531DF5693A004DA7FA /* YXHSuperTableViewCell.xib in Resources */,
				89174DB21DF15BEA0093E6EC /* home_region_icon_33@2x.png in Resources */,
				89174DC21DF1696A0093E6EC /* home_bangumi_tableHead_bangumiRecommend@2x~iphone.png in Resources */,
				89174D871DF1135C0093E6EC /* home_bangumi_tableHead_week3@2x~iphone.png in Resources */,
				890D26A21DF030BE004B3A0E /* YXHRecommendCollectionViewCell.xib in Resources */,
				89174DA11DF1512E0093E6EC /* YXHSectionHeaderCollectionReusableView.xib in Resources */,
				EBE153A21DF54F3D00AE7094 /* 御宅文化.png in Resources */,
				89174DB71DF15BEA0093E6EC /* home_region_icon_153@3x.png in Resources */,
				EBE153B91DF56D6B00AE7094 /* 闭眼.jpg in Resources */,
				EBE153AA1DF54F3D00AE7094 /* 萌宅推荐.png in Resources */,
				89174D931DF113710093E6EC /* home_bangumi_tableHead_indexIcon@3x~iphone.png in Resources */,
				EBE153A01DF54F3D00AE7094 /* 唱见舞见.png in Resources */,
				EBE153821DF54CCD00AE7094 /* HeadCollectionReusableView.xib in Resources */,
				890D26311DF00BC9004B3A0E /* LaunchScreen.storyboard in Resources */,
				89174DC11DF1696A0093E6EC /* bangumi_unfinished@2x.png in Resources */,
				EBE1539F1DF54F3D00AE7094 /* 单机联机.png in Resources */,
				EBE153A11DF54F3D00AE7094 /* 在线人数.png in Resources */,
				EBE153A41DF54F3D00AE7094 /* 手游直播.png in Resources */,
				89174DB31DF15BEA0093E6EC /* home_region_icon_33@3x.png in Resources */,
				897843381DF568EC004DA7FA /* common_downArrow@3x.png in Resources */,
				EBE153B01DF559EE00AE7094 /* 直播.jpg in Resources */,
				897843371DF568EC004DA7FA /* common_downArrow@2x.png in Resources */,
				EBE153C41DF576ED00AE7094 /* 超级玛丽.jpg in Resources */,
				EBE153BA1DF56D6B00AE7094 /* 滑稽.jpg in Resources */,
				897843351DF568EC004DA7FA /* common_back@3x.png in Resources */,
				EBE153A71DF54F3D00AE7094 /* 电子竞技.png in Resources */,
				890D267E1DF02051004B3A0E /* YXHNewBangumiCollectionViewCell.xib in Resources */,
				897843331DF568EC004DA7FA /* common_back.png in Resources */,
				89174DC41DF1696A0093E6EC /* season_summer_icon.png in Resources */,
				89174D941DF113710093E6EC /* home_bangumi_tableHead_followIcon@3x~iphone.png in Resources */,
				EBE153A61DF54F3D00AE7094 /* 生活娱乐.png in Resources */,
				89174DB41DF15BEA0093E6EC /* home_region_icon_152@2x.png in Resources */,
				EBE153A31DF54F3D00AE7094 /* 手机直播.png in Resources */,
				EBE153A91DF54F3D00AE7094 /* 网络游戏.png in Resources */,
				EBE153A51DF54F3D00AE7094 /* 放映厅.png in Resources */,
				89174DC61DF1696A0093E6EC /* season_summer_icon@3x.png in Resources */,
				89174DB51DF15BEA0093E6EC /* home_region_icon_152@3x.png in Resources */,
				EBE153AF1DF559EE00AE7094 /* 推荐.jpg in Resources */,
				897843341DF568EC004DA7FA /* common_back@2x.png in Resources */,
				897843361DF568EC004DA7FA /* common_downArrow.png in Resources */,
				89174DB01DF15BEA0093E6EC /* home_region_icon_32@2x.png in Resources */,
				EBE153BD1DF56DE900AE7094 /* 用户名.jpg in Resources */,
				89174DB61DF15BEA0093E6EC /* home_region_icon_153@2x.png in Resources */,
				89174DC51DF1696A0093E6EC /* season_summer_icon@2x.png in Resources */,
				89174DC01DF1696A0093E6EC /* bangumi_unfinished.png in Resources */,
				89174D961DF113710093E6EC /* home_bangumi_tableHead_indexIcon@2x~iphone.png in Resources */,
				890D26751DF01703004B3A0E /* Assets.xcassets in Resources */,
				EBE153841DF54CCD00AE7094 /* LiveCollectionViewCell.xib in Resources */,
				89174D951DF113710093E6EC /* home_bangumi_tableHead_followIcon@2x~iphone.png in Resources */,
				89174DC31DF1696A0093E6EC /* home_bangumi_tableHead_bangumiRecommend@3x~iphone.png in Resources */,
				89174DB11DF15BEA0093E6EC /* home_region_icon_32@3x.png in Resources */,
				EBE153B51DF56C4600AE7094 /* LoginViewController.xib in Resources */,
				890D262C1DF00BC9004B3A0E /* Main.storyboard in Resources */,
				EBE153A81DF54F3D00AE7094 /* 绘画专区.png in Resources */,
				89174D881DF1135C0093E6EC /* home_bangumi_tableHead_week3@3x~iphone.png in Resources */,
			);
			runOnlyForDeploymentPostprocessing = 0;
		};
		890D26351DF00BCA004B3A0E /* Resources */ = {
			isa = PBXResourcesBuildPhase;
			buildActionMask = 2147483647;
			files = (
			);
			runOnlyForDeploymentPostprocessing = 0;
		};
		890D26401DF00BCA004B3A0E /* Resources */ = {
			isa = PBXResourcesBuildPhase;
			buildActionMask = 2147483647;
			files = (
			);
			runOnlyForDeploymentPostprocessing = 0;
		};
/* End PBXResourcesBuildPhase section */

/* Begin PBXShellScriptBuildPhase section */
		4BAFB66BFA3CE84A1C4A71CF /* [CP] Check Pods Manifest.lock */ = {
			isa = PBXShellScriptBuildPhase;
			buildActionMask = 2147483647;
			files = (
			);
			inputPaths = (
			);
			name = "[CP] Check Pods Manifest.lock";
			outputPaths = (
			);
			runOnlyForDeploymentPostprocessing = 0;
			shellPath = /bin/sh;
			shellScript = "diff \"${PODS_ROOT}/../Podfile.lock\" \"${PODS_ROOT}/Manifest.lock\" > /dev/null\nif [ $? != 0 ] ; then\n    # print error to STDERR\n    echo \"error: The sandbox is not in sync with the Podfile.lock. Run 'pod install' or update your CocoaPods installation.\" >&2\n    exit 1\nfi\n";
			showEnvVarsInLog = 0;
		};
		BA3D77FDB8CF67F46D391A0B /* [CP] Copy Pods Resources */ = {
			isa = PBXShellScriptBuildPhase;
			buildActionMask = 2147483647;
			files = (
			);
			inputPaths = (
			);
			name = "[CP] Copy Pods Resources";
			outputPaths = (
			);
			runOnlyForDeploymentPostprocessing = 0;
			shellPath = /bin/sh;
			shellScript = "\"${SRCROOT}/Pods/Target Support Files/Pods-FirstTeamBilibili/Pods-FirstTeamBilibili-resources.sh\"\n";
			showEnvVarsInLog = 0;
		};
		E34AD568B837C43B7A8466FF /* [CP] Embed Pods Frameworks */ = {
			isa = PBXShellScriptBuildPhase;
			buildActionMask = 2147483647;
			files = (
			);
			inputPaths = (
			);
			name = "[CP] Embed Pods Frameworks";
			outputPaths = (
			);
			runOnlyForDeploymentPostprocessing = 0;
			shellPath = /bin/sh;
			shellScript = "\"${SRCROOT}/Pods/Target Support Files/Pods-FirstTeamBilibili/Pods-FirstTeamBilibili-frameworks.sh\"\n";
			showEnvVarsInLog = 0;
		};
/* End PBXShellScriptBuildPhase section */

/* Begin PBXSourcesBuildPhase section */
		890D261A1DF00BC9004B3A0E /* Sources */ = {
			isa = PBXSourcesBuildPhase;
			buildActionMask = 2147483647;
			files = (
				890D266E1DF01225004B3A0E /* YJGRecommendViewController.m in Sources */,
				890D26841DF02071004B3A0E /* YXHRecommendModel.m in Sources */,
				890D26991DF024E3004B3A0E /* UIImageView+YXHCycle.m in Sources */,
				8978432C1DF568D4004DA7FA /* YXHSuperModel.m in Sources */,
				890D26A11DF030BE004B3A0E /* YXHRecommendCollectionViewCell.m in Sources */,
				890D26981DF024E3004B3A0E /* UIImage+YXHCycle.m in Sources */,
				8978434E1DF5692A004DA7FA /* YXHUnfinishedTableViewController.m in Sources */,
				8978434A1DF5692A004DA7FA /* YXHDomesticTableViewController.m in Sources */,
				EBE153911DF54D7900AE7094 /* DetialLiveViewController.m in Sources */,
				890D26871DF0207E004B3A0E /* YXHBangumiCollectionViewController.m in Sources */,
				890D266B1DF01197004B3A0E /* HCJLiveViewController.m in Sources */,
				890D26831DF02071004B3A0E /* YXHNewBangumiModel.m in Sources */,
				EBE153901DF54D7900AE7094 /* BannerViewController.m in Sources */,
				89174D991DF140230093E6EC /* AnimationButton.m in Sources */,
				EBE1538B1DF54D4C00AE7094 /* LiveModel.m in Sources */,
				EBE1538A1DF54D4C00AE7094 /* Banner.m in Sources */,
				EBE153831DF54CCD00AE7094 /* LiveCollectionViewCell.m in Sources */,
				890D26561DF00C25004B3A0E /* TabBarViewController.m in Sources */,
				89174DA01DF1512E0093E6EC /* YXHSectionHeaderCollectionReusableView.m in Sources */,
				EBE153811DF54CCD00AE7094 /* HeadCollectionReusableView.m in Sources */,
				EBE153B41DF56C4600AE7094 /* LoginViewController.m in Sources */,
				890D267D1DF02051004B3A0E /* YXHNewBangumiCollectionViewCell.m in Sources */,
				890D26291DF00BC9004B3A0E /* ViewController.m in Sources */,
				8978433E1DF56920004DA7FA /* YXHBangumiListViewController.m in Sources */,
				890D269A1DF024E3004B3A0E /* UIView+YXHCategory.m in Sources */,
				8978434D1DF5692A004DA7FA /* YXHSuperTableViewController.m in Sources */,
				890D267C1DF02051004B3A0E /* YXHCollectionHeaderView.m in Sources */,
				EBE153C21DF575C000AE7094 /* IWantToLiveView.m in Sources */,
				890D26261DF00BC9004B3A0E /* AppDelegate.m in Sources */,
				8978434C1DF5692A004DA7FA /* YXHOfficialTableViewController.m in Sources */,
				8978433B1DF56914004DA7FA /* YXHNaviBarButton.m in Sources */,
				897843521DF5693A004DA7FA /* YXHSuperTableViewCell.m in Sources */,
				8978434B1DF5692A004DA7FA /* YXHFinishedTableViewController.m in Sources */,
				890D26231DF00BC9004B3A0E /* main.m in Sources */,
			);
			runOnlyForDeploymentPostprocessing = 0;
		};
		890D26331DF00BCA004B3A0E /* Sources */ = {
			isa = PBXSourcesBuildPhase;
			buildActionMask = 2147483647;
			files = (
				890D263C1DF00BCA004B3A0E /* FirstTeamBilibiliTests.m in Sources */,
			);
			runOnlyForDeploymentPostprocessing = 0;
		};
		890D263E1DF00BCA004B3A0E /* Sources */ = {
			isa = PBXSourcesBuildPhase;
			buildActionMask = 2147483647;
			files = (
				890D26471DF00BCA004B3A0E /* FirstTeamBilibiliUITests.m in Sources */,
			);
			runOnlyForDeploymentPostprocessing = 0;
		};
/* End PBXSourcesBuildPhase section */

/* Begin PBXTargetDependency section */
		890D26391DF00BCA004B3A0E /* PBXTargetDependency */ = {
			isa = PBXTargetDependency;
			target = 890D261D1DF00BC9004B3A0E /* FirstTeamBilibili */;
			targetProxy = 890D26381DF00BCA004B3A0E /* PBXContainerItemProxy */;
		};
		890D26441DF00BCA004B3A0E /* PBXTargetDependency */ = {
			isa = PBXTargetDependency;
			target = 890D261D1DF00BC9004B3A0E /* FirstTeamBilibili */;
			targetProxy = 890D26431DF00BCA004B3A0E /* PBXContainerItemProxy */;
		};
/* End PBXTargetDependency section */

/* Begin PBXVariantGroup section */
		890D262A1DF00BC9004B3A0E /* Main.storyboard */ = {
			isa = PBXVariantGroup;
			children = (
				890D262B1DF00BC9004B3A0E /* Base */,
			);
			name = Main.storyboard;
			sourceTree = "<group>";
		};
		890D262F1DF00BC9004B3A0E /* LaunchScreen.storyboard */ = {
			isa = PBXVariantGroup;
			children = (
				890D26301DF00BC9004B3A0E /* Base */,
			);
			name = LaunchScreen.storyboard;
			sourceTree = "<group>";
		};
/* End PBXVariantGroup section */

/* Begin XCBuildConfiguration section */
		890D26491DF00BCA004B3A0E /* Debug */ = {
			isa = XCBuildConfiguration;
			buildSettings = {
				ALWAYS_SEARCH_USER_PATHS = NO;
				CLANG_ANALYZER_NONNULL = YES;
				CLANG_CXX_LANGUAGE_STANDARD = "gnu++0x";
				CLANG_CXX_LIBRARY = "libc++";
				CLANG_ENABLE_MODULES = YES;
				CLANG_ENABLE_OBJC_ARC = YES;
				CLANG_WARN_BOOL_CONVERSION = YES;
				CLANG_WARN_CONSTANT_CONVERSION = YES;
				CLANG_WARN_DIRECT_OBJC_ISA_USAGE = YES_ERROR;
				CLANG_WARN_DOCUMENTATION_COMMENTS = YES;
				CLANG_WARN_EMPTY_BODY = YES;
				CLANG_WARN_ENUM_CONVERSION = YES;
				CLANG_WARN_INFINITE_RECURSION = YES;
				CLANG_WARN_INT_CONVERSION = YES;
				CLANG_WARN_OBJC_ROOT_CLASS = YES_ERROR;
				CLANG_WARN_SUSPICIOUS_MOVES = YES;
				CLANG_WARN_UNREACHABLE_CODE = YES;
				CLANG_WARN__DUPLICATE_METHOD_MATCH = YES;
				"CODE_SIGN_IDENTITY[sdk=iphoneos*]" = "iPhone Developer";
				COPY_PHASE_STRIP = NO;
				DEBUG_INFORMATION_FORMAT = dwarf;
				ENABLE_STRICT_OBJC_MSGSEND = YES;
				ENABLE_TESTABILITY = YES;
				GCC_C_LANGUAGE_STANDARD = gnu99;
				GCC_DYNAMIC_NO_PIC = NO;
				GCC_NO_COMMON_BLOCKS = YES;
				GCC_OPTIMIZATION_LEVEL = 0;
				GCC_PREPROCESSOR_DEFINITIONS = (
					"DEBUG=1",
					"$(inherited)",
				);
				GCC_WARN_64_TO_32_BIT_CONVERSION = YES;
				GCC_WARN_ABOUT_RETURN_TYPE = YES_ERROR;
				GCC_WARN_UNDECLARED_SELECTOR = YES;
				GCC_WARN_UNINITIALIZED_AUTOS = YES_AGGRESSIVE;
				GCC_WARN_UNUSED_FUNCTION = YES;
				GCC_WARN_UNUSED_VARIABLE = YES;
				IPHONEOS_DEPLOYMENT_TARGET = 10.1;
				MTL_ENABLE_DEBUG_INFO = YES;
				ONLY_ACTIVE_ARCH = YES;
				SDKROOT = iphoneos;
				TARGETED_DEVICE_FAMILY = "1,2";
			};
			name = Debug;
		};
		890D264A1DF00BCA004B3A0E /* Release */ = {
			isa = XCBuildConfiguration;
			buildSettings = {
				ALWAYS_SEARCH_USER_PATHS = NO;
				CLANG_ANALYZER_NONNULL = YES;
				CLANG_CXX_LANGUAGE_STANDARD = "gnu++0x";
				CLANG_CXX_LIBRARY = "libc++";
				CLANG_ENABLE_MODULES = YES;
				CLANG_ENABLE_OBJC_ARC = YES;
				CLANG_WARN_BOOL_CONVERSION = YES;
				CLANG_WARN_CONSTANT_CONVERSION = YES;
				CLANG_WARN_DIRECT_OBJC_ISA_USAGE = YES_ERROR;
				CLANG_WARN_DOCUMENTATION_COMMENTS = YES;
				CLANG_WARN_EMPTY_BODY = YES;
				CLANG_WARN_ENUM_CONVERSION = YES;
				CLANG_WARN_INFINITE_RECURSION = YES;
				CLANG_WARN_INT_CONVERSION = YES;
				CLANG_WARN_OBJC_ROOT_CLASS = YES_ERROR;
				CLANG_WARN_SUSPICIOUS_MOVES = YES;
				CLANG_WARN_UNREACHABLE_CODE = YES;
				CLANG_WARN__DUPLICATE_METHOD_MATCH = YES;
				"CODE_SIGN_IDENTITY[sdk=iphoneos*]" = "iPhone Developer";
				COPY_PHASE_STRIP = NO;
				DEBUG_INFORMATION_FORMAT = "dwarf-with-dsym";
				ENABLE_NS_ASSERTIONS = NO;
				ENABLE_STRICT_OBJC_MSGSEND = YES;
				GCC_C_LANGUAGE_STANDARD = gnu99;
				GCC_NO_COMMON_BLOCKS = YES;
				GCC_WARN_64_TO_32_BIT_CONVERSION = YES;
				GCC_WARN_ABOUT_RETURN_TYPE = YES_ERROR;
				GCC_WARN_UNDECLARED_SELECTOR = YES;
				GCC_WARN_UNINITIALIZED_AUTOS = YES_AGGRESSIVE;
				GCC_WARN_UNUSED_FUNCTION = YES;
				GCC_WARN_UNUSED_VARIABLE = YES;
				IPHONEOS_DEPLOYMENT_TARGET = 10.1;
				MTL_ENABLE_DEBUG_INFO = NO;
				SDKROOT = iphoneos;
				TARGETED_DEVICE_FAMILY = "1,2";
				VALIDATE_PRODUCT = YES;
			};
			name = Release;
		};
		890D264C1DF00BCA004B3A0E /* Debug */ = {
			isa = XCBuildConfiguration;
			baseConfigurationReference = 9E400DFEDAAEECAF7E3B66D6 /* Pods-FirstTeamBilibili.debug.xcconfig */;
			buildSettings = {
				ASSETCATALOG_COMPILER_APPICON_NAME = AppIcon;
				GCC_PRECOMPILE_PREFIX_HEADER = YES;
				GCC_PREFIX_HEADER = "$(SRCROOT)/FirstTeamBilibili/PrefixHeader.pch";
				INFOPLIST_FILE = FirstTeamBilibili/Info.plist;
				LD_RUNPATH_SEARCH_PATHS = "$(inherited) @executable_path/Frameworks";
				PRODUCT_BUNDLE_IDENTIFIER = com.wyzc.www.FirstTeamBilibili;
				PRODUCT_NAME = "$(TARGET_NAME)";
				USER_HEADER_SEARCH_PATHS = "$(PODS_ROOT)/**";
			};
			name = Debug;
		};
		890D264D1DF00BCA004B3A0E /* Release */ = {
			isa = XCBuildConfiguration;
			baseConfigurationReference = 0018EAFE9B38232551AD9CB6 /* Pods-FirstTeamBilibili.release.xcconfig */;
			buildSettings = {
				ASSETCATALOG_COMPILER_APPICON_NAME = AppIcon;
				GCC_PRECOMPILE_PREFIX_HEADER = YES;
				GCC_PREFIX_HEADER = "$(SRCROOT)/FirstTeamBilibili/PrefixHeader.pch";
				INFOPLIST_FILE = FirstTeamBilibili/Info.plist;
				LD_RUNPATH_SEARCH_PATHS = "$(inherited) @executable_path/Frameworks";
				PRODUCT_BUNDLE_IDENTIFIER = com.wyzc.www.FirstTeamBilibili;
				PRODUCT_NAME = "$(TARGET_NAME)";
				USER_HEADER_SEARCH_PATHS = "$(PODS_ROOT)/**";
			};
			name = Release;
		};
		890D264F1DF00BCA004B3A0E /* Debug */ = {
			isa = XCBuildConfiguration;
			buildSettings = {
				BUNDLE_LOADER = "$(TEST_HOST)";
				INFOPLIST_FILE = FirstTeamBilibiliTests/Info.plist;
				LD_RUNPATH_SEARCH_PATHS = "$(inherited) @executable_path/Frameworks @loader_path/Frameworks";
				PRODUCT_BUNDLE_IDENTIFIER = com.wyzc.www.FirstTeamBilibiliTests;
				PRODUCT_NAME = "$(TARGET_NAME)";
				TEST_HOST = "$(BUILT_PRODUCTS_DIR)/FirstTeamBilibili.app/FirstTeamBilibili";
			};
			name = Debug;
		};
		890D26501DF00BCA004B3A0E /* Release */ = {
			isa = XCBuildConfiguration;
			buildSettings = {
				BUNDLE_LOADER = "$(TEST_HOST)";
				INFOPLIST_FILE = FirstTeamBilibiliTests/Info.plist;
				LD_RUNPATH_SEARCH_PATHS = "$(inherited) @executable_path/Frameworks @loader_path/Frameworks";
				PRODUCT_BUNDLE_IDENTIFIER = com.wyzc.www.FirstTeamBilibiliTests;
				PRODUCT_NAME = "$(TARGET_NAME)";
				TEST_HOST = "$(BUILT_PRODUCTS_DIR)/FirstTeamBilibili.app/FirstTeamBilibili";
			};
			name = Release;
		};
		890D26521DF00BCA004B3A0E /* Debug */ = {
			isa = XCBuildConfiguration;
			buildSettings = {
				INFOPLIST_FILE = FirstTeamBilibiliUITests/Info.plist;
				LD_RUNPATH_SEARCH_PATHS = "$(inherited) @executable_path/Frameworks @loader_path/Frameworks";
				PRODUCT_BUNDLE_IDENTIFIER = com.wyzc.www.FirstTeamBilibiliUITests;
				PRODUCT_NAME = "$(TARGET_NAME)";
				TEST_TARGET_NAME = FirstTeamBilibili;
			};
			name = Debug;
		};
		890D26531DF00BCA004B3A0E /* Release */ = {
			isa = XCBuildConfiguration;
			buildSettings = {
				INFOPLIST_FILE = FirstTeamBilibiliUITests/Info.plist;
				LD_RUNPATH_SEARCH_PATHS = "$(inherited) @executable_path/Frameworks @loader_path/Frameworks";
				PRODUCT_BUNDLE_IDENTIFIER = com.wyzc.www.FirstTeamBilibiliUITests;
				PRODUCT_NAME = "$(TARGET_NAME)";
				TEST_TARGET_NAME = FirstTeamBilibili;
			};
			name = Release;
		};
/* End XCBuildConfiguration section */

/* Begin XCConfigurationList section */
		890D26191DF00BC9004B3A0E /* Build configuration list for PBXProject "FirstTeamBilibili" */ = {
			isa = XCConfigurationList;
			buildConfigurations = (
				890D26491DF00BCA004B3A0E /* Debug */,
				890D264A1DF00BCA004B3A0E /* Release */,
			);
			defaultConfigurationIsVisible = 0;
			defaultConfigurationName = Release;
		};
		890D264B1DF00BCA004B3A0E /* Build configuration list for PBXNativeTarget "FirstTeamBilibili" */ = {
			isa = XCConfigurationList;
			buildConfigurations = (
				890D264C1DF00BCA004B3A0E /* Debug */,
				890D264D1DF00BCA004B3A0E /* Release */,
			);
			defaultConfigurationIsVisible = 0;
			defaultConfigurationName = Release;
		};
		890D264E1DF00BCA004B3A0E /* Build configuration list for PBXNativeTarget "FirstTeamBilibiliTests" */ = {
			isa = XCConfigurationList;
			buildConfigurations = (
				890D264F1DF00BCA004B3A0E /* Debug */,
				890D26501DF00BCA004B3A0E /* Release */,
			);
			defaultConfigurationIsVisible = 0;
			defaultConfigurationName = Release;
		};
		890D26511DF00BCA004B3A0E /* Build configuration list for PBXNativeTarget "FirstTeamBilibiliUITests" */ = {
			isa = XCConfigurationList;
			buildConfigurations = (
				890D26521DF00BCA004B3A0E /* Debug */,
				890D26531DF00BCA004B3A0E /* Release */,
			);
			defaultConfigurationIsVisible = 0;
			defaultConfigurationName = Release;
		};
/* End XCConfigurationList section */
	};
	rootObject = 890D26161DF00BC9004B3A0E /* Project object */;
}
